// !$*UTF8*$!
{
	archiveVersion = 1;
	classes = {
	};
	objectVersion = 46;
	objects = {

/* Begin PBXBuildFile section */
		87C62EE31E69378C0009EB08 /* AppDelegate.swift in Sources */ = {isa = PBXBuildFile; fileRef = 87C62EE21E69378C0009EB08 /* AppDelegate.swift */; };
		87C62EE51E69378C0009EB08 /* ViewController.swift in Sources */ = {isa = PBXBuildFile; fileRef = 87C62EE41E69378C0009EB08 /* ViewController.swift */; };
		87C62EE81E69378C0009EB08 /* Main.storyboard in Resources */ = {isa = PBXBuildFile; fileRef = 87C62EE61E69378C0009EB08 /* Main.storyboard */; };
		87C62EEA1E69378C0009EB08 /* Assets.xcassets in Resources */ = {isa = PBXBuildFile; fileRef = 87C62EE91E69378C0009EB08 /* Assets.xcassets */; };
		87C62EED1E69378C0009EB08 /* LaunchScreen.storyboard in Resources */ = {isa = PBXBuildFile; fileRef = 87C62EEB1E69378C0009EB08 /* LaunchScreen.storyboard */; };
		87C62EF61E6937D10009EB08 /* MessageUI.framework in Frameworks */ = {isa = PBXBuildFile; fileRef = 87C62EF51E6937D10009EB08 /* MessageUI.framework */; };
/* End PBXBuildFile section */

/* Begin PBXFileReference section */
		87C62EDF1E69378C0009EB08 /* email practice.app */ = {isa = PBXFileReference; explicitFileType = wrapper.application; includeInIndex = 0; path = "email practice.app"; sourceTree = BUILT_PRODUCTS_DIR; };
		87C62EE21E69378C0009EB08 /* AppDelegate.swift */ = {isa = PBXFileReference; lastKnownFileType = sourcecode.swift; path = AppDelegate.swift; sourceTree = "<group>"; };
		87C62EE41E69378C0009EB08 /* ViewController.swift */ = {isa = PBXFileReference; lastKnownFileType = sourcecode.swift; path = ViewController.swift; sourceTree = "<group>"; };
		87C62EE71E69378C0009EB08 /* Base */ = {isa = PBXFileReference; lastKnownFileType = file.storyboard; name = Base; path = Base.lproj/Main.storyboard; sourceTree = "<group>"; };
		87C62EE91E69378C0009EB08 /* Assets.xcassets */ = {isa = PBXFileReference; lastKnownFileType = folder.assetcatalog; path = Assets.xcassets; sourceTree = "<group>"; };
		87C62EEC1E69378C0009EB08 /* Base */ = {isa = PBXFileReference; lastKnownFileType = file.storyboard; name = Base; path = Base.lproj/LaunchScreen.storyboard; sourceTree = "<group>"; };
		87C62EEE1E69378C0009EB08 /* Info.plist */ = {isa = PBXFileReference; lastKnownFileType = text.plist.xml; path = Info.plist; sourceTree = "<group>"; };
		87C62EF51E6937D10009EB08 /* MessageUI.framework */ = {isa = PBXFileReference; lastKnownFileType = wrapper.framework; name = MessageUI.framework; path = System/Library/Frameworks/MessageUI.framework; sourceTree = SDKROOT; };
/* End PBXFileReference section */

/* Begin PBXFrameworksBuildPhase section */
		87C62EDC1E69378C0009EB08 /* Frameworks */ = {
			isa = PBXFrameworksBuildPhase;
			buildActionMask = 2147483647;
			files = (
				87C62EF61E6937D10009EB08 /* MessageUI.framework in Frameworks */,
			);
			runOnlyForDeploymentPostprocessing = 0;
		};
/* End PBXFrameworksBuildPhase section */

/* Begin PBXGroup section */
		87C62ED61E69378C0009EB08 = {
			isa = PBXGroup;
			children = (
				87C62EE11E69378C0009EB08 /* email practice */,
				87C62EE01E69378C0009EB08 /* Products */,
				87C62EF41E6937D10009EB08 /* Frameworks */,
			);
			sourceTree = "<group>";
		};
		87C62EE01E69378C0009EB08 /* Products */ = {
			isa = PBXGroup;
			children = (
				87C62EDF1E69378C0009EB08 /* email practice.app */,
			);
			name = Products;
			sourceTree = "<group>";
		};
		87C62EE11E69378C0009EB08 /* email practice */ = {
			isa = PBXGroup;
			children = (
				87C62EE21E69378C0009EB08 /* AppDelegate.swift */,
				87C62EE41E69378C0009EB08 /* ViewController.swift */,
				87C62EE61E69378C0009EB08 /* Main.storyboard */,
				87C62EE91E69378C0009EB08 /* Assets.xcassets */,
				87C62EEB1E69378C0009EB08 /* LaunchScreen.storyboard */,
				87C62EEE1E69378C0009EB08 /* Info.plist */,
			);
			path = "email practice";
			sourceTree = "<group>";
		};
		87C62EF41E6937D10009EB08 /* Frameworks */ = {
			isa = PBXGroup;
			children = (
				87C62EF51E6937D10009EB08 /* MessageUI.framework */,
			);
			name = Frameworks;
			sourceTree = "<group>";
		};
/* End PBXGroup section */

/* Begin PBXNativeTarget section */
		87C62EDE1E69378C0009EB08 /* email practice */ = {
			isa = PBXNativeTarget;
			buildConfigurationList = 87C62EF11E69378C0009EB08 /* Build configuration list for PBXNativeTarget "email practice" */;
			buildPhases = (
				87C62EDB1E69378C0009EB08 /* Sources */,
				87C62EDC1E69378C0009EB08 /* Frameworks */,
				87C62EDD1E69378C0009EB08 /* Resources */,
			);
			buildRules = (
			);
			dependencies = (
			);
			name = "email practice";
			productName = "email practice";
			productReference = 87C62EDF1E69378C0009EB08 /* email practice.app */;
			productType = "com.apple.product-type.application";
		};
/* End PBXNativeTarget section */

/* Begin PBXProject section */
		87C62ED71E69378C0009EB08 /* Project object */ = {
			isa = PBXProject;
			attributes = {
				LastSwiftUpdateCheck = 0820;
				LastUpgradeCheck = 0820;
				ORGANIZATIONNAME = CodeKul;
				TargetAttributes = {
					87C62EDE1E69378C0009EB08 = {
						CreatedOnToolsVersion = 8.2.1;
						ProvisioningStyle = Automatic;
					};
				};
			};
			buildConfigurationList = 87C62EDA1E69378C0009EB08 /* Build configuration list for PBXProject "email practice" */;
			compatibilityVersion = "Xcode 3.2";
			developmentRegion = English;
			hasScannedForEncodings = 0;
			knownRegions = (
				en,
				Base,
			);
			mainGroup = 87C62ED61E69378C0009EB08;
			productRefGroup = 87C62EE01E69378C0009EB08 /* Products */;
			projectDirPath = "";
			projectRoot = "";
			targets = (
				87C62EDE1E69378C0009EB08 /* email practice */,
			);
		};
/* End PBXProject section */

/* Begin PBXResourcesBuildPhase section */
		87C62EDD1E69378C0009EB08 /* Resources */ = {
			isa = PBXResourcesBuildPhase;
			buildActionMask = 2147483647;
			files = (
				87C62EED1E69378C0009EB08 /* LaunchScreen.storyboard in Resources */,
				87C62EEA1E69378C0009EB08 /* Assets.xcassets in Resources */,
				87C62EE81E69378C0009EB08 /* Main.storyboard in Resources */,
			);
			runOnlyForDeploymentPostprocessing = 0;
		};
/* End PBXResourcesBuildPhase section */

/* Begin PBXSourcesBuildPhase section */
		87C62EDB1E69378C0009EB08 /* Sources */ = {
			isa = PBXSourcesBuildPhase;
			buildActionMask = 2147483647;
			files = (
				87C62EE51E69378C0009EB08 /* ViewController.swift in Sources */,
				87C62EE31E69378C0009EB08 /* AppDelegate.swift in Sources */,
			);
			runOnlyForDeploymentPostprocessing = 0;
		};
/* End PBXSourcesBuildPhase section */

/* Begin PBXVariantGroup section */
		87C62EE61E69378C0009EB08 /* Main.storyboard */ = {
			isa = PBXVariantGroup;
			children = (
				87C62EE71E69378C0009EB08 /* Base */,
			);
			name = Main.storyboard;
			sourceTree = "<group>";
		};
		87C62EEB1E69378C0009EB08 /* LaunchScreen.storyboard */ = {
			isa = PBXVariantGroup;
			children = (
				87C62EEC1E69378C0009EB08 /* Base */,
			);
			name = LaunchScreen.storyboard;
			sourceTree = "<group>";
		};
/* End PBXVariantGroup section */

/* Begin XCBuildConfiguration section */
		87C62EEF1E69378C0009EB08 /* Debug */ = {
			isa = XCBuildConfiguration;
			buildSettings = {
				ALWAYS_SEARCH_USER_PATHS = NO;
				CLANG_ANALYZER_NONNULL = YES;
				CLANG_CXX_LANGUAGE_STANDARD = "gnu++0x";
				CLANG_CXX_LIBRARY = "libc++";
				CLANG_ENABLE_MODULES = YES;
				CLANG_ENABLE_OBJC_ARC = YES;
				CLANG_WARN_BOOL_CONVERSION = YES;
				CLANG_WARN_CONSTANT_CONVERSION = YES;
				CLANG_WARN_DIRECT_OBJC_ISA_USAGE = YES_ERROR;
				CLANG_WARN_DOCUMENTATION_COMMENTS = YES;
				CLANG_WARN_EMPTY_BODY = YES;
				CLANG_WARN_ENUM_CONVERSION = YES;
				CLANG_WARN_INFINITE_RECURSION = YES;
				CLANG_WARN_INT_CONVERSION = YES;
				CLANG_WARN_OBJC_ROOT_CLASS = YES_ERROR;
				CLANG_WARN_SUSPICIOUS_MOVE = YES;
				CLANG_WARN_UNREACHABLE_CODE = YES;
				CLANG_WARN__DUPLICATE_METHOD_MATCH = YES;
				"CODE_SIGN_IDENTITY[sdk=iphoneos*]" = "iPhone Developer";
				COPY_PHASE_STRIP = NO;
				DEBUG_INFORMATION_FORMAT = dwarf;
				ENABLE_STRICT_OBJC_MSGSEND = YES;
				ENABLE_TESTABILITY = YES;
				GCC_C_LANGUAGE_STANDARD = gnu99;
				GCC_DYNAMIC_NO_PIC = NO;
				GCC_NO_COMMON_BLOCKS = YES;
				GCC_OPTIMIZATION_LEVEL = 0;
				GCC_PREPROCESSOR_DEFINITIONS = (
					"DEBUG=1",
					"$(inherited)",
				);
				GCC_WARN_64_TO_32_BIT_CONVERSION = YES;
				GCC_WARN_ABOUT_RETURN_TYPE = YES_ERROR;
				GCC_WARN_UNDECLARED_SELECTOR = YES;
				GCC_WARN_UNINITIALIZED_AUTOS = YES_AGGRESSIVE;
				GCC_WARN_UNUSED_FUNCTION = YES;
				GCC_WARN_UNUSED_VARIABLE = YES;
				IPHONEOS_DEPLOYMENT_TARGET = 10.2;
				MTL_ENABLE_DEBUG_INFO = YES;
				ONLY_ACTIVE_ARCH = YES;
				SDKROOT = iphoneos;
				SWIFT_ACTIVE_COMPILATION_CONDITIONS = DEBUG;
				SWIFT_OPTIMIZATION_LEVEL = "-Onone";
				TARGETED_DEVICE_FAMILY = "1,2";
			};
			name = Debug;
		};
		87C62EF01E69378C0009EB08 /* Release */ = {
			isa = XCBuildConfiguration;
			buildSettings = {
				ALWAYS_SEARCH_USER_PATHS = NO;
				CLANG_ANALYZER_NONNULL = YES;
				CLANG_CXX_LANGUAGE_STANDARD = "gnu++0x";
				CLANG_CXX_LIBRARY = "libc++";
				CLANG_ENABLE_MODULES = YES;
				CLANG_ENABLE_OBJC_ARC = YES;
				CLANG_WARN_BOOL_CONVERSION = YES;
				CLANG_WARN_CONSTANT_CONVERSION = YES;
				CLANG_WARN_DIRECT_OBJC_ISA_USAGE = YES_ERROR;
				CLANG_WARN_DOCUMENTATION_COMMENTS = YES;
				CLANG_WARN_EMPTY_BODY = YES;
				CLANG_WARN_ENUM_CONVERSION = YES;
				CLANG_WARN_INFINITE_RECURSION = YES;
				CLANG_WARN_INT_CONVERSION = YES;
				CLANG_WARN_OBJC_ROOT_CLASS = YES_ERROR;
				CLANG_WARN_SUSPICIOUS_MOVE = YES;
				CLANG_WARN_UNREACHABLE_CODE = YES;
				CLANG_WARN__DUPLICATE_METHOD_MATCH = YES;
				"CODE_SIGN_IDENTITY[sdk=iphoneos*]" = "iPhone Developer";
				COPY_PHASE_STRIP = NO;
				DEBUG_INFORMATION_FORMAT = "dwarf-with-dsym";
				ENABLE_NS_ASSERTIONS = NO;
				ENABLE_STRICT_OBJC_MSGSEND = YES;
				GCC_C_LANGUAGE_STANDARD = gnu99;
				GCC_NO_COMMON_BLOCKS = YES;
				GCC_WARN_64_TO_32_BIT_CONVERSION = YES;
				GCC_WARN_ABOUT_RETURN_TYPE = YES_ERROR;
				GCC_WARN_UNDECLARED_SELECTOR = YES;
				GCC_WARN_UNINITIALIZED_AUTOS = YES_AGGRESSIVE;
				GCC_WARN_UNUSED_FUNCTION = YES;
				GCC_WARN_UNUSED_VARIABLE = YES;
				IPHONEOS_DEPLOYMENT_TARGET = 10.2;
				MTL_ENABLE_DEBUG_INFO = NO;
				SDKROOT = iphoneos;
				SWIFT_OPTIMIZATION_LEVEL = "-Owholemodule";
				TARGETED_DEVICE_FAMILY = "1,2";
				VALIDATE_PRODUCT = YES;
			};
			name = Release;
		};
		87C62EF21E69378C0009EB08 /* Debug */ = {
			isa = XCBuildConfiguration;
			buildSettings = {
				ASSETCATALOG_COMPILER_APPICON_NAME = AppIcon;
				INFOPLIST_FILE = "email practice/Info.plist";
				LD_RUNPATH_SEARCH_PATHS = "$(inherited) @executable_path/Frameworks";
				PRODUCT_BUNDLE_IDENTIFIER = "com.codekul.email-practice";
				PRODUCT_NAME = "$(TARGET_NAME)";
				SWIFT_VERSION = 3.0;
			};
			name = Debug;
		};
		87C62EF31E69378C0009EB08 /* Release */ = {
			isa = XCBuildConfiguration;
			buildSettings = {
				ASSETCATALOG_COMPILER_APPICON_NAME = AppIcon;
				INFOPLIST_FILE = "email practice/Info.plist";
				LD_RUNPATH_SEARCH_PATHS = "$(inherited) @executable_path/Frameworks";
				PRODUCT_BUNDLE_IDENTIFIER = "com.codekul.email-practice";
				PRODUCT_NAME = "$(TARGET_NAME)";
				SWIFT_VERSION = 3.0;
			};
			name = Release;
		};
/* End XCBuildConfiguration section */

/* Begin XCConfigurationList section */
		87C62EDA1E69378C0009EB08 /* Build configuration list for PBXProject "email practice" */ = {
			isa = XCConfigurationList;
			buildConfigurations = (
				87C62EEF1E69378C0009EB08 /* Debug */,
				87C62EF01E69378C0009EB08 /* Release */,
			);
			defaultConfigurationIsVisible = 0;
			defaultConfigurationName = Release;
		};
		87C62EF11E69378C0009EB08 /* Build configuration list for PBXNativeTarget "email practice" */ = {
			isa = XCConfigurationList;
			buildConfigurations = (
				87C62EF21E69378C0009EB08 /* Debug */,
				87C62EF31E69378C0009EB08 /* Release */,
			);
			defaultConfigurationIsVisible = 0;
		};
/* End XCConfigurationList section */
	};
	rootObject = 87C62ED71E69378C0009EB08 /* Project object */;
}
