// !$*UTF8*$!
{
	archiveVersion = 1;
	classes = {
	};
	objectVersion = 46;
	objects = {

/* Begin PBXBuildFile section */
		8703278A1E3B138B00D70CCF /* AppDelegate.swift in Sources */ = {isa = PBXBuildFile; fileRef = 870327891E3B138B00D70CCF /* AppDelegate.swift */; };
		8703278C1E3B138B00D70CCF /* ViewController.swift in Sources */ = {isa = PBXBuildFile; fileRef = 8703278B1E3B138B00D70CCF /* ViewController.swift */; };
		8703278F1E3B138B00D70CCF /* Main.storyboard in Resources */ = {isa = PBXBuildFile; fileRef = 8703278D1E3B138B00D70CCF /* Main.storyboard */; };
		870327911E3B138B00D70CCF /* Assets.xcassets in Resources */ = {isa = PBXBuildFile; fileRef = 870327901E3B138B00D70CCF /* Assets.xcassets */; };
		870327941E3B138B00D70CCF /* LaunchScreen.storyboard in Resources */ = {isa = PBXBuildFile; fileRef = 870327921E3B138B00D70CCF /* LaunchScreen.storyboard */; };
		8703279C1E3B159700D70CCF /* download.jpeg in Resources */ = {isa = PBXBuildFile; fileRef = 8703279B1E3B159700D70CCF /* download.jpeg */; };
/* End PBXBuildFile section */

/* Begin PBXFileReference section */
		870327861E3B138B00D70CCF /* AutoLayoutTask5.app */ = {isa = PBXFileReference; explicitFileType = wrapper.application; includeInIndex = 0; path = AutoLayoutTask5.app; sourceTree = BUILT_PRODUCTS_DIR; };
		870327891E3B138B00D70CCF /* AppDelegate.swift */ = {isa = PBXFileReference; lastKnownFileType = sourcecode.swift; path = AppDelegate.swift; sourceTree = "<group>"; };
		8703278B1E3B138B00D70CCF /* ViewController.swift */ = {isa = PBXFileReference; lastKnownFileType = sourcecode.swift; path = ViewController.swift; sourceTree = "<group>"; };
		8703278E1E3B138B00D70CCF /* Base */ = {isa = PBXFileReference; lastKnownFileType = file.storyboard; name = Base; path = Base.lproj/Main.storyboard; sourceTree = "<group>"; };
		870327901E3B138B00D70CCF /* Assets.xcassets */ = {isa = PBXFileReference; lastKnownFileType = folder.assetcatalog; path = Assets.xcassets; sourceTree = "<group>"; };
		870327931E3B138B00D70CCF /* Base */ = {isa = PBXFileReference; lastKnownFileType = file.storyboard; name = Base; path = Base.lproj/LaunchScreen.storyboard; sourceTree = "<group>"; };
		870327951E3B138B00D70CCF /* Info.plist */ = {isa = PBXFileReference; lastKnownFileType = text.plist.xml; path = Info.plist; sourceTree = "<group>"; };
		8703279B1E3B159700D70CCF /* download.jpeg */ = {isa = PBXFileReference; lastKnownFileType = image.jpeg; path = download.jpeg; sourceTree = "<group>"; };
/* End PBXFileReference section */

/* Begin PBXFrameworksBuildPhase section */
		870327831E3B138B00D70CCF /* Frameworks */ = {
			isa = PBXFrameworksBuildPhase;
			buildActionMask = 2147483647;
			files = (
			);
			runOnlyForDeploymentPostprocessing = 0;
		};
/* End PBXFrameworksBuildPhase section */

/* Begin PBXGroup section */
		8703277D1E3B138B00D70CCF = {
			isa = PBXGroup;
			children = (
				870327881E3B138B00D70CCF /* AutoLayoutTask5 */,
				870327871E3B138B00D70CCF /* Products */,
			);
			sourceTree = "<group>";
		};
		870327871E3B138B00D70CCF /* Products */ = {
			isa = PBXGroup;
			children = (
				870327861E3B138B00D70CCF /* AutoLayoutTask5.app */,
			);
			name = Products;
			sourceTree = "<group>";
		};
		870327881E3B138B00D70CCF /* AutoLayoutTask5 */ = {
			isa = PBXGroup;
			children = (
				8703279B1E3B159700D70CCF /* download.jpeg */,
				870327891E3B138B00D70CCF /* AppDelegate.swift */,
				8703278B1E3B138B00D70CCF /* ViewController.swift */,
				8703278D1E3B138B00D70CCF /* Main.storyboard */,
				870327901E3B138B00D70CCF /* Assets.xcassets */,
				870327921E3B138B00D70CCF /* LaunchScreen.storyboard */,
				870327951E3B138B00D70CCF /* Info.plist */,
			);
			path = AutoLayoutTask5;
			sourceTree = "<group>";
		};
/* End PBXGroup section */

/* Begin PBXNativeTarget section */
		870327851E3B138B00D70CCF /* AutoLayoutTask5 */ = {
			isa = PBXNativeTarget;
			buildConfigurationList = 870327981E3B138B00D70CCF /* Build configuration list for PBXNativeTarget "AutoLayoutTask5" */;
			buildPhases = (
				870327821E3B138B00D70CCF /* Sources */,
				870327831E3B138B00D70CCF /* Frameworks */,
				870327841E3B138B00D70CCF /* Resources */,
			);
			buildRules = (
			);
			dependencies = (
			);
			name = AutoLayoutTask5;
			productName = AutoLayoutTask5;
			productReference = 870327861E3B138B00D70CCF /* AutoLayoutTask5.app */;
			productType = "com.apple.product-type.application";
		};
/* End PBXNativeTarget section */

/* Begin PBXProject section */
		8703277E1E3B138B00D70CCF /* Project object */ = {
			isa = PBXProject;
			attributes = {
				LastSwiftUpdateCheck = 0820;
				LastUpgradeCheck = 0820;
				ORGANIZATIONNAME = CodeKul;
				TargetAttributes = {
					870327851E3B138B00D70CCF = {
						CreatedOnToolsVersion = 8.2.1;
						ProvisioningStyle = Automatic;
					};
				};
			};
			buildConfigurationList = 870327811E3B138B00D70CCF /* Build configuration list for PBXProject "AutoLayoutTask5" */;
			compatibilityVersion = "Xcode 3.2";
			developmentRegion = English;
			hasScannedForEncodings = 0;
			knownRegions = (
				en,
				Base,
			);
			mainGroup = 8703277D1E3B138B00D70CCF;
			productRefGroup = 870327871E3B138B00D70CCF /* Products */;
			projectDirPath = "";
			projectRoot = "";
			targets = (
				870327851E3B138B00D70CCF /* AutoLayoutTask5 */,
			);
		};
/* End PBXProject section */

/* Begin PBXResourcesBuildPhase section */
		870327841E3B138B00D70CCF /* Resources */ = {
			isa = PBXResourcesBuildPhase;
			buildActionMask = 2147483647;
			files = (
				870327941E3B138B00D70CCF /* LaunchScreen.storyboard in Resources */,
				8703279C1E3B159700D70CCF /* download.jpeg in Resources */,
				870327911E3B138B00D70CCF /* Assets.xcassets in Resources */,
				8703278F1E3B138B00D70CCF /* Main.storyboard in Resources */,
			);
			runOnlyForDeploymentPostprocessing = 0;
		};
/* End PBXResourcesBuildPhase section */

/* Begin PBXSourcesBuildPhase section */
		870327821E3B138B00D70CCF /* Sources */ = {
			isa = PBXSourcesBuildPhase;
			buildActionMask = 2147483647;
			files = (
				8703278C1E3B138B00D70CCF /* ViewController.swift in Sources */,
				8703278A1E3B138B00D70CCF /* AppDelegate.swift in Sources */,
			);
			runOnlyForDeploymentPostprocessing = 0;
		};
/* End PBXSourcesBuildPhase section */

/* Begin PBXVariantGroup section */
		8703278D1E3B138B00D70CCF /* Main.storyboard */ = {
			isa = PBXVariantGroup;
			children = (
				8703278E1E3B138B00D70CCF /* Base */,
			);
			name = Main.storyboard;
			sourceTree = "<group>";
		};
		870327921E3B138B00D70CCF /* LaunchScreen.storyboard */ = {
			isa = PBXVariantGroup;
			children = (
				870327931E3B138B00D70CCF /* Base */,
			);
			name = LaunchScreen.storyboard;
			sourceTree = "<group>";
		};
/* End PBXVariantGroup section */

/* Begin XCBuildConfiguration section */
		870327961E3B138B00D70CCF /* Debug */ = {
			isa = XCBuildConfiguration;
			buildSettings = {
				ALWAYS_SEARCH_USER_PATHS = NO;
				CLANG_ANALYZER_NONNULL = YES;
				CLANG_CXX_LANGUAGE_STANDARD = "gnu++0x";
				CLANG_CXX_LIBRARY = "libc++";
				CLANG_ENABLE_MODULES = YES;
				CLANG_ENABLE_OBJC_ARC = YES;
				CLANG_WARN_BOOL_CONVERSION = YES;
				CLANG_WARN_CONSTANT_CONVERSION = YES;
				CLANG_WARN_DIRECT_OBJC_ISA_USAGE = YES_ERROR;
				CLANG_WARN_DOCUMENTATION_COMMENTS = YES;
				CLANG_WARN_EMPTY_BODY = YES;
				CLANG_WARN_ENUM_CONVERSION = YES;
				CLANG_WARN_INFINITE_RECURSION = YES;
				CLANG_WARN_INT_CONVERSION = YES;
				CLANG_WARN_OBJC_ROOT_CLASS = YES_ERROR;
				CLANG_WARN_SUSPICIOUS_MOVE = YES;
				CLANG_WARN_UNREACHABLE_CODE = YES;
				CLANG_WARN__DUPLICATE_METHOD_MATCH = YES;
				"CODE_SIGN_IDENTITY[sdk=iphoneos*]" = "iPhone Developer";
				COPY_PHASE_STRIP = NO;
				DEBUG_INFORMATION_FORMAT = dwarf;
				ENABLE_STRICT_OBJC_MSGSEND = YES;
				ENABLE_TESTABILITY = YES;
				GCC_C_LANGUAGE_STANDARD = gnu99;
				GCC_DYNAMIC_NO_PIC = NO;
				GCC_NO_COMMON_BLOCKS = YES;
				GCC_OPTIMIZATION_LEVEL = 0;
				GCC_PREPROCESSOR_DEFINITIONS = (
					"DEBUG=1",
					"$(inherited)",
				);
				GCC_WARN_64_TO_32_BIT_CONVERSION = YES;
				GCC_WARN_ABOUT_RETURN_TYPE = YES_ERROR;
				GCC_WARN_UNDECLARED_SELECTOR = YES;
				GCC_WARN_UNINITIALIZED_AUTOS = YES_AGGRESSIVE;
				GCC_WARN_UNUSED_FUNCTION = YES;
				GCC_WARN_UNUSED_VARIABLE = YES;
				IPHONEOS_DEPLOYMENT_TARGET = 10.2;
				MTL_ENABLE_DEBUG_INFO = YES;
				ONLY_ACTIVE_ARCH = YES;
				SDKROOT = iphoneos;
				SWIFT_ACTIVE_COMPILATION_CONDITIONS = DEBUG;
				SWIFT_OPTIMIZATION_LEVEL = "-Onone";
			};
			name = Debug;
		};
		870327971E3B138B00D70CCF /* Release */ = {
			isa = XCBuildConfiguration;
			buildSettings = {
				ALWAYS_SEARCH_USER_PATHS = NO;
				CLANG_ANALYZER_NONNULL = YES;
				CLANG_CXX_LANGUAGE_STANDARD = "gnu++0x";
				CLANG_CXX_LIBRARY = "libc++";
				CLANG_ENABLE_MODULES = YES;
				CLANG_ENABLE_OBJC_ARC = YES;
				CLANG_WARN_BOOL_CONVERSION = YES;
				CLANG_WARN_CONSTANT_CONVERSION = YES;
				CLANG_WARN_DIRECT_OBJC_ISA_USAGE = YES_ERROR;
				CLANG_WARN_DOCUMENTATION_COMMENTS = YES;
				CLANG_WARN_EMPTY_BODY = YES;
				CLANG_WARN_ENUM_CONVERSION = YES;
				CLANG_WARN_INFINITE_RECURSION = YES;
				CLANG_WARN_INT_CONVERSION = YES;
				CLANG_WARN_OBJC_ROOT_CLASS = YES_ERROR;
				CLANG_WARN_SUSPICIOUS_MOVE = YES;
				CLANG_WARN_UNREACHABLE_CODE = YES;
				CLANG_WARN__DUPLICATE_METHOD_MATCH = YES;
				"CODE_SIGN_IDENTITY[sdk=iphoneos*]" = "iPhone Developer";
				COPY_PHASE_STRIP = NO;
				DEBUG_INFORMATION_FORMAT = "dwarf-with-dsym";
				ENABLE_NS_ASSERTIONS = NO;
				ENABLE_STRICT_OBJC_MSGSEND = YES;
				GCC_C_LANGUAGE_STANDARD = gnu99;
				GCC_NO_COMMON_BLOCKS = YES;
				GCC_WARN_64_TO_32_BIT_CONVERSION = YES;
				GCC_WARN_ABOUT_RETURN_TYPE = YES_ERROR;
				GCC_WARN_UNDECLARED_SELECTOR = YES;
				GCC_WARN_UNINITIALIZED_AUTOS = YES_AGGRESSIVE;
				GCC_WARN_UNUSED_FUNCTION = YES;
				GCC_WARN_UNUSED_VARIABLE = YES;
				IPHONEOS_DEPLOYMENT_TARGET = 10.2;
				MTL_ENABLE_DEBUG_INFO = NO;
				SDKROOT = iphoneos;
				SWIFT_OPTIMIZATION_LEVEL = "-Owholemodule";
				VALIDATE_PRODUCT = YES;
			};
			name = Release;
		};
		870327991E3B138B00D70CCF /* Debug */ = {
			isa = XCBuildConfiguration;
			buildSettings = {
				ASSETCATALOG_COMPILER_APPICON_NAME = AppIcon;
				INFOPLIST_FILE = AutoLayoutTask5/Info.plist;
				LD_RUNPATH_SEARCH_PATHS = "$(inherited) @executable_path/Frameworks";
				PRODUCT_BUNDLE_IDENTIFIER = com.codekul.AutoLayoutTask5;
				PRODUCT_NAME = "$(TARGET_NAME)";
				SWIFT_VERSION = 3.0;
			};
			name = Debug;
		};
		8703279A1E3B138B00D70CCF /* Release */ = {
			isa = XCBuildConfiguration;
			buildSettings = {
				ASSETCATALOG_COMPILER_APPICON_NAME = AppIcon;
				INFOPLIST_FILE = AutoLayoutTask5/Info.plist;
				LD_RUNPATH_SEARCH_PATHS = "$(inherited) @executable_path/Frameworks";
				PRODUCT_BUNDLE_IDENTIFIER = com.codekul.AutoLayoutTask5;
				PRODUCT_NAME = "$(TARGET_NAME)";
				SWIFT_VERSION = 3.0;
			};
			name = Release;
		};
/* End XCBuildConfiguration section */

/* Begin XCConfigurationList section */
		870327811E3B138B00D70CCF /* Build configuration list for PBXProject "AutoLayoutTask5" */ = {
			isa = XCConfigurationList;
			buildConfigurations = (
				870327961E3B138B00D70CCF /* Debug */,
				870327971E3B138B00D70CCF /* Release */,
			);
			defaultConfigurationIsVisible = 0;
			defaultConfigurationName = Release;
		};
		870327981E3B138B00D70CCF /* Build configuration list for PBXNativeTarget "AutoLayoutTask5" */ = {
			isa = XCConfigurationList;
			buildConfigurations = (
				870327991E3B138B00D70CCF /* Debug */,
				8703279A1E3B138B00D70CCF /* Release */,
			);
			defaultConfigurationIsVisible = 0;
		};
/* End XCConfigurationList section */
	};
	rootObject = 8703277E1E3B138B00D70CCF /* Project object */;
}
