// !$*UTF8*$!
{
	archiveVersion = 1;
	classes = {
	};
	objectVersion = 46;
	objects = {

/* Begin PBXBuildFile section */
		8BB005A41E28956E00802516 /* AppDelegate.swift in Sources */ = {isa = PBXBuildFile; fileRef = 8BB005A31E28956E00802516 /* AppDelegate.swift */; };
		8BB005A61E28956E00802516 /* ViewController.swift in Sources */ = {isa = PBXBuildFile; fileRef = 8BB005A51E28956E00802516 /* ViewController.swift */; };
		8BB005A91E28956E00802516 /* Main.storyboard in Resources */ = {isa = PBXBuildFile; fileRef = 8BB005A71E28956E00802516 /* Main.storyboard */; };
		8BB005AB1E28956E00802516 /* Assets.xcassets in Resources */ = {isa = PBXBuildFile; fileRef = 8BB005AA1E28956E00802516 /* Assets.xcassets */; };
		8BB005AE1E28956E00802516 /* LaunchScreen.storyboard in Resources */ = {isa = PBXBuildFile; fileRef = 8BB005AC1E28956E00802516 /* LaunchScreen.storyboard */; };
/* End PBXBuildFile section */

/* Begin PBXFileReference section */
		8BB005A01E28956E00802516 /* BrowserWebViewAssig_13Jan.app */ = {isa = PBXFileReference; explicitFileType = wrapper.application; includeInIndex = 0; path = BrowserWebViewAssig_13Jan.app; sourceTree = BUILT_PRODUCTS_DIR; };
		8BB005A31E28956E00802516 /* AppDelegate.swift */ = {isa = PBXFileReference; lastKnownFileType = sourcecode.swift; path = AppDelegate.swift; sourceTree = "<group>"; };
		8BB005A51E28956E00802516 /* ViewController.swift */ = {isa = PBXFileReference; lastKnownFileType = sourcecode.swift; path = ViewController.swift; sourceTree = "<group>"; };
		8BB005A81E28956E00802516 /* Base */ = {isa = PBXFileReference; lastKnownFileType = file.storyboard; name = Base; path = Base.lproj/Main.storyboard; sourceTree = "<group>"; };
		8BB005AA1E28956E00802516 /* Assets.xcassets */ = {isa = PBXFileReference; lastKnownFileType = folder.assetcatalog; path = Assets.xcassets; sourceTree = "<group>"; };
		8BB005AD1E28956E00802516 /* Base */ = {isa = PBXFileReference; lastKnownFileType = file.storyboard; name = Base; path = Base.lproj/LaunchScreen.storyboard; sourceTree = "<group>"; };
		8BB005AF1E28956E00802516 /* Info.plist */ = {isa = PBXFileReference; lastKnownFileType = text.plist.xml; path = Info.plist; sourceTree = "<group>"; };
/* End PBXFileReference section */

/* Begin PBXFrameworksBuildPhase section */
		8BB0059D1E28956E00802516 /* Frameworks */ = {
			isa = PBXFrameworksBuildPhase;
			buildActionMask = 2147483647;
			files = (
			);
			runOnlyForDeploymentPostprocessing = 0;
		};
/* End PBXFrameworksBuildPhase section */

/* Begin PBXGroup section */
		8BB005971E28956E00802516 = {
			isa = PBXGroup;
			children = (
				8BB005A21E28956E00802516 /* BrowserWebViewAssig_13Jan */,
				8BB005A11E28956E00802516 /* Products */,
			);
			sourceTree = "<group>";
		};
		8BB005A11E28956E00802516 /* Products */ = {
			isa = PBXGroup;
			children = (
				8BB005A01E28956E00802516 /* BrowserWebViewAssig_13Jan.app */,
			);
			name = Products;
			sourceTree = "<group>";
		};
		8BB005A21E28956E00802516 /* BrowserWebViewAssig_13Jan */ = {
			isa = PBXGroup;
			children = (
				8BB005A31E28956E00802516 /* AppDelegate.swift */,
				8BB005A51E28956E00802516 /* ViewController.swift */,
				8BB005A71E28956E00802516 /* Main.storyboard */,
				8BB005AA1E28956E00802516 /* Assets.xcassets */,
				8BB005AC1E28956E00802516 /* LaunchScreen.storyboard */,
				8BB005AF1E28956E00802516 /* Info.plist */,
			);
			path = BrowserWebViewAssig_13Jan;
			sourceTree = "<group>";
		};
/* End PBXGroup section */

/* Begin PBXNativeTarget section */
		8BB0059F1E28956E00802516 /* BrowserWebViewAssig_13Jan */ = {
			isa = PBXNativeTarget;
			buildConfigurationList = 8BB005B21E28956E00802516 /* Build configuration list for PBXNativeTarget "BrowserWebViewAssig_13Jan" */;
			buildPhases = (
				8BB0059C1E28956E00802516 /* Sources */,
				8BB0059D1E28956E00802516 /* Frameworks */,
				8BB0059E1E28956E00802516 /* Resources */,
			);
			buildRules = (
			);
			dependencies = (
			);
			name = BrowserWebViewAssig_13Jan;
			productName = BrowserWebViewAssig_13Jan;
			productReference = 8BB005A01E28956E00802516 /* BrowserWebViewAssig_13Jan.app */;
			productType = "com.apple.product-type.application";
		};
/* End PBXNativeTarget section */

/* Begin PBXProject section */
		8BB005981E28956E00802516 /* Project object */ = {
			isa = PBXProject;
			attributes = {
				LastSwiftUpdateCheck = 0810;
				LastUpgradeCheck = 0810;
				ORGANIZATIONNAME = Codekul;
				TargetAttributes = {
					8BB0059F1E28956E00802516 = {
						CreatedOnToolsVersion = 8.1;
						ProvisioningStyle = Automatic;
					};
				};
			};
			buildConfigurationList = 8BB0059B1E28956E00802516 /* Build configuration list for PBXProject "BrowserWebViewAssig_13Jan" */;
			compatibilityVersion = "Xcode 3.2";
			developmentRegion = English;
			hasScannedForEncodings = 0;
			knownRegions = (
				en,
				Base,
			);
			mainGroup = 8BB005971E28956E00802516;
			productRefGroup = 8BB005A11E28956E00802516 /* Products */;
			projectDirPath = "";
			projectRoot = "";
			targets = (
				8BB0059F1E28956E00802516 /* BrowserWebViewAssig_13Jan */,
			);
		};
/* End PBXProject section */

/* Begin PBXResourcesBuildPhase section */
		8BB0059E1E28956E00802516 /* Resources */ = {
			isa = PBXResourcesBuildPhase;
			buildActionMask = 2147483647;
			files = (
				8BB005AE1E28956E00802516 /* LaunchScreen.storyboard in Resources */,
				8BB005AB1E28956E00802516 /* Assets.xcassets in Resources */,
				8BB005A91E28956E00802516 /* Main.storyboard in Resources */,
			);
			runOnlyForDeploymentPostprocessing = 0;
		};
/* End PBXResourcesBuildPhase section */

/* Begin PBXSourcesBuildPhase section */
		8BB0059C1E28956E00802516 /* Sources */ = {
			isa = PBXSourcesBuildPhase;
			buildActionMask = 2147483647;
			files = (
				8BB005A61E28956E00802516 /* ViewController.swift in Sources */,
				8BB005A41E28956E00802516 /* AppDelegate.swift in Sources */,
			);
			runOnlyForDeploymentPostprocessing = 0;
		};
/* End PBXSourcesBuildPhase section */

/* Begin PBXVariantGroup section */
		8BB005A71E28956E00802516 /* Main.storyboard */ = {
			isa = PBXVariantGroup;
			children = (
				8BB005A81E28956E00802516 /* Base */,
			);
			name = Main.storyboard;
			sourceTree = "<group>";
		};
		8BB005AC1E28956E00802516 /* LaunchScreen.storyboard */ = {
			isa = PBXVariantGroup;
			children = (
				8BB005AD1E28956E00802516 /* Base */,
			);
			name = LaunchScreen.storyboard;
			sourceTree = "<group>";
		};
/* End PBXVariantGroup section */

/* Begin XCBuildConfiguration section */
		8BB005B01E28956E00802516 /* Debug */ = {
			isa = XCBuildConfiguration;
			buildSettings = {
				ALWAYS_SEARCH_USER_PATHS = NO;
				CLANG_ANALYZER_NONNULL = YES;
				CLANG_CXX_LANGUAGE_STANDARD = "gnu++0x";
				CLANG_CXX_LIBRARY = "libc++";
				CLANG_ENABLE_MODULES = YES;
				CLANG_ENABLE_OBJC_ARC = YES;
				CLANG_WARN_BOOL_CONVERSION = YES;
				CLANG_WARN_CONSTANT_CONVERSION = YES;
				CLANG_WARN_DIRECT_OBJC_ISA_USAGE = YES_ERROR;
				CLANG_WARN_DOCUMENTATION_COMMENTS = YES;
				CLANG_WARN_EMPTY_BODY = YES;
				CLANG_WARN_ENUM_CONVERSION = YES;
				CLANG_WARN_INFINITE_RECURSION = YES;
				CLANG_WARN_INT_CONVERSION = YES;
				CLANG_WARN_OBJC_ROOT_CLASS = YES_ERROR;
				CLANG_WARN_SUSPICIOUS_MOVES = YES;
				CLANG_WARN_UNREACHABLE_CODE = YES;
				CLANG_WARN__DUPLICATE_METHOD_MATCH = YES;
				"CODE_SIGN_IDENTITY[sdk=iphoneos*]" = "iPhone Developer";
				COPY_PHASE_STRIP = NO;
				DEBUG_INFORMATION_FORMAT = dwarf;
				ENABLE_STRICT_OBJC_MSGSEND = YES;
				ENABLE_TESTABILITY = YES;
				GCC_C_LANGUAGE_STANDARD = gnu99;
				GCC_DYNAMIC_NO_PIC = NO;
				GCC_NO_COMMON_BLOCKS = YES;
				GCC_OPTIMIZATION_LEVEL = 0;
				GCC_PREPROCESSOR_DEFINITIONS = (
					"DEBUG=1",
					"$(inherited)",
				);
				GCC_WARN_64_TO_32_BIT_CONVERSION = YES;
				GCC_WARN_ABOUT_RETURN_TYPE = YES_ERROR;
				GCC_WARN_UNDECLARED_SELECTOR = YES;
				GCC_WARN_UNINITIALIZED_AUTOS = YES_AGGRESSIVE;
				GCC_WARN_UNUSED_FUNCTION = YES;
				GCC_WARN_UNUSED_VARIABLE = YES;
				IPHONEOS_DEPLOYMENT_TARGET = 10.1;
				MTL_ENABLE_DEBUG_INFO = YES;
				ONLY_ACTIVE_ARCH = YES;
				SDKROOT = iphoneos;
				SWIFT_ACTIVE_COMPILATION_CONDITIONS = DEBUG;
				SWIFT_OPTIMIZATION_LEVEL = "-Onone";
			};
			name = Debug;
		};
		8BB005B11E28956E00802516 /* Release */ = {
			isa = XCBuildConfiguration;
			buildSettings = {
				ALWAYS_SEARCH_USER_PATHS = NO;
				CLANG_ANALYZER_NONNULL = YES;
				CLANG_CXX_LANGUAGE_STANDARD = "gnu++0x";
				CLANG_CXX_LIBRARY = "libc++";
				CLANG_ENABLE_MODULES = YES;
				CLANG_ENABLE_OBJC_ARC = YES;
				CLANG_WARN_BOOL_CONVERSION = YES;
				CLANG_WARN_CONSTANT_CONVERSION = YES;
				CLANG_WARN_DIRECT_OBJC_ISA_USAGE = YES_ERROR;
				CLANG_WARN_DOCUMENTATION_COMMENTS = YES;
				CLANG_WARN_EMPTY_BODY = YES;
				CLANG_WARN_ENUM_CONVERSION = YES;
				CLANG_WARN_INFINITE_RECURSION = YES;
				CLANG_WARN_INT_CONVERSION = YES;
				CLANG_WARN_OBJC_ROOT_CLASS = YES_ERROR;
				CLANG_WARN_SUSPICIOUS_MOVES = YES;
				CLANG_WARN_UNREACHABLE_CODE = YES;
				CLANG_WARN__DUPLICATE_METHOD_MATCH = YES;
				"CODE_SIGN_IDENTITY[sdk=iphoneos*]" = "iPhone Developer";
				COPY_PHASE_STRIP = NO;
				DEBUG_INFORMATION_FORMAT = "dwarf-with-dsym";
				ENABLE_NS_ASSERTIONS = NO;
				ENABLE_STRICT_OBJC_MSGSEND = YES;
				GCC_C_LANGUAGE_STANDARD = gnu99;
				GCC_NO_COMMON_BLOCKS = YES;
				GCC_WARN_64_TO_32_BIT_CONVERSION = YES;
				GCC_WARN_ABOUT_RETURN_TYPE = YES_ERROR;
				GCC_WARN_UNDECLARED_SELECTOR = YES;
				GCC_WARN_UNINITIALIZED_AUTOS = YES_AGGRESSIVE;
				GCC_WARN_UNUSED_FUNCTION = YES;
				GCC_WARN_UNUSED_VARIABLE = YES;
				IPHONEOS_DEPLOYMENT_TARGET = 10.1;
				MTL_ENABLE_DEBUG_INFO = NO;
				SDKROOT = iphoneos;
				SWIFT_OPTIMIZATION_LEVEL = "-Owholemodule";
				VALIDATE_PRODUCT = YES;
			};
			name = Release;
		};
		8BB005B31E28956E00802516 /* Debug */ = {
			isa = XCBuildConfiguration;
			buildSettings = {
				ASSETCATALOG_COMPILER_APPICON_NAME = AppIcon;
				INFOPLIST_FILE = BrowserWebViewAssig_13Jan/Info.plist;
				LD_RUNPATH_SEARCH_PATHS = "$(inherited) @executable_path/Frameworks";
				PRODUCT_BUNDLE_IDENTIFIER = "com.codekul.BrowserWebViewAssig-13Jan";
				PRODUCT_NAME = "$(TARGET_NAME)";
				SWIFT_VERSION = 3.0;
			};
			name = Debug;
		};
		8BB005B41E28956E00802516 /* Release */ = {
			isa = XCBuildConfiguration;
			buildSettings = {
				ASSETCATALOG_COMPILER_APPICON_NAME = AppIcon;
				INFOPLIST_FILE = BrowserWebViewAssig_13Jan/Info.plist;
				LD_RUNPATH_SEARCH_PATHS = "$(inherited) @executable_path/Frameworks";
				PRODUCT_BUNDLE_IDENTIFIER = "com.codekul.BrowserWebViewAssig-13Jan";
				PRODUCT_NAME = "$(TARGET_NAME)";
				SWIFT_VERSION = 3.0;
			};
			name = Release;
		};
/* End XCBuildConfiguration section */

/* Begin XCConfigurationList section */
		8BB0059B1E28956E00802516 /* Build configuration list for PBXProject "BrowserWebViewAssig_13Jan" */ = {
			isa = XCConfigurationList;
			buildConfigurations = (
				8BB005B01E28956E00802516 /* Debug */,
				8BB005B11E28956E00802516 /* Release */,
			);
			defaultConfigurationIsVisible = 0;
			defaultConfigurationName = Release;
		};
		8BB005B21E28956E00802516 /* Build configuration list for PBXNativeTarget "BrowserWebViewAssig_13Jan" */ = {
			isa = XCConfigurationList;
			buildConfigurations = (
				8BB005B31E28956E00802516 /* Debug */,
				8BB005B41E28956E00802516 /* Release */,
			);
			defaultConfigurationIsVisible = 0;
		};
/* End XCConfigurationList section */
	};
	rootObject = 8BB005981E28956E00802516 /* Project object */;
}
