// !$*UTF8*$!
{
	archiveVersion = 1;
	classes = {
	};
	objectVersion = 46;
	objects = {

/* Begin PBXBuildFile section */
		87D923FF1E3870A600A24156 /* AppDelegate.swift in Sources */ = {isa = PBXBuildFile; fileRef = 87D923FE1E3870A600A24156 /* AppDelegate.swift */; };
		87D924011E3870A600A24156 /* ViewController.swift in Sources */ = {isa = PBXBuildFile; fileRef = 87D924001E3870A600A24156 /* ViewController.swift */; };
		87D924041E3870A600A24156 /* Main.storyboard in Resources */ = {isa = PBXBuildFile; fileRef = 87D924021E3870A600A24156 /* Main.storyboard */; };
		87D924061E3870A600A24156 /* Assets.xcassets in Resources */ = {isa = PBXBuildFile; fileRef = 87D924051E3870A600A24156 /* Assets.xcassets */; };
		87D924091E3870A600A24156 /* LaunchScreen.storyboard in Resources */ = {isa = PBXBuildFile; fileRef = 87D924071E3870A600A24156 /* LaunchScreen.storyboard */; };
/* End PBXBuildFile section */

/* Begin PBXFileReference section */
		87D923FB1E3870A600A24156 /* AutoLayoutAssignment1.app */ = {isa = PBXFileReference; explicitFileType = wrapper.application; includeInIndex = 0; path = AutoLayoutAssignment1.app; sourceTree = BUILT_PRODUCTS_DIR; };
		87D923FE1E3870A600A24156 /* AppDelegate.swift */ = {isa = PBXFileReference; lastKnownFileType = sourcecode.swift; path = AppDelegate.swift; sourceTree = "<group>"; };
		87D924001E3870A600A24156 /* ViewController.swift */ = {isa = PBXFileReference; lastKnownFileType = sourcecode.swift; path = ViewController.swift; sourceTree = "<group>"; };
		87D924031E3870A600A24156 /* Base */ = {isa = PBXFileReference; lastKnownFileType = file.storyboard; name = Base; path = Base.lproj/Main.storyboard; sourceTree = "<group>"; };
		87D924051E3870A600A24156 /* Assets.xcassets */ = {isa = PBXFileReference; lastKnownFileType = folder.assetcatalog; path = Assets.xcassets; sourceTree = "<group>"; };
		87D924081E3870A600A24156 /* Base */ = {isa = PBXFileReference; lastKnownFileType = file.storyboard; name = Base; path = Base.lproj/LaunchScreen.storyboard; sourceTree = "<group>"; };
		87D9240A1E3870A600A24156 /* Info.plist */ = {isa = PBXFileReference; lastKnownFileType = text.plist.xml; path = Info.plist; sourceTree = "<group>"; };
/* End PBXFileReference section */

/* Begin PBXFrameworksBuildPhase section */
		87D923F81E3870A600A24156 /* Frameworks */ = {
			isa = PBXFrameworksBuildPhase;
			buildActionMask = 2147483647;
			files = (
			);
			runOnlyForDeploymentPostprocessing = 0;
		};
/* End PBXFrameworksBuildPhase section */

/* Begin PBXGroup section */
		87D923F21E3870A600A24156 = {
			isa = PBXGroup;
			children = (
				87D923FD1E3870A600A24156 /* AutoLayoutAssignment1 */,
				87D923FC1E3870A600A24156 /* Products */,
			);
			sourceTree = "<group>";
		};
		87D923FC1E3870A600A24156 /* Products */ = {
			isa = PBXGroup;
			children = (
				87D923FB1E3870A600A24156 /* AutoLayoutAssignment1.app */,
			);
			name = Products;
			sourceTree = "<group>";
		};
		87D923FD1E3870A600A24156 /* AutoLayoutAssignment1 */ = {
			isa = PBXGroup;
			children = (
				87D923FE1E3870A600A24156 /* AppDelegate.swift */,
				87D924001E3870A600A24156 /* ViewController.swift */,
				87D924021E3870A600A24156 /* Main.storyboard */,
				87D924051E3870A600A24156 /* Assets.xcassets */,
				87D924071E3870A600A24156 /* LaunchScreen.storyboard */,
				87D9240A1E3870A600A24156 /* Info.plist */,
			);
			path = AutoLayoutAssignment1;
			sourceTree = "<group>";
		};
/* End PBXGroup section */

/* Begin PBXNativeTarget section */
		87D923FA1E3870A600A24156 /* AutoLayoutAssignment1 */ = {
			isa = PBXNativeTarget;
			buildConfigurationList = 87D9240D1E3870A600A24156 /* Build configuration list for PBXNativeTarget "AutoLayoutAssignment1" */;
			buildPhases = (
				87D923F71E3870A600A24156 /* Sources */,
				87D923F81E3870A600A24156 /* Frameworks */,
				87D923F91E3870A600A24156 /* Resources */,
			);
			buildRules = (
			);
			dependencies = (
			);
			name = AutoLayoutAssignment1;
			productName = AutoLayoutAssignment1;
			productReference = 87D923FB1E3870A600A24156 /* AutoLayoutAssignment1.app */;
			productType = "com.apple.product-type.application";
		};
/* End PBXNativeTarget section */

/* Begin PBXProject section */
		87D923F31E3870A600A24156 /* Project object */ = {
			isa = PBXProject;
			attributes = {
				LastSwiftUpdateCheck = 0820;
				LastUpgradeCheck = 0820;
				ORGANIZATIONNAME = CodeKul;
				TargetAttributes = {
					87D923FA1E3870A600A24156 = {
						CreatedOnToolsVersion = 8.2.1;
						ProvisioningStyle = Automatic;
					};
				};
			};
			buildConfigurationList = 87D923F61E3870A600A24156 /* Build configuration list for PBXProject "AutoLayoutAssignment1" */;
			compatibilityVersion = "Xcode 3.2";
			developmentRegion = English;
			hasScannedForEncodings = 0;
			knownRegions = (
				en,
				Base,
			);
			mainGroup = 87D923F21E3870A600A24156;
			productRefGroup = 87D923FC1E3870A600A24156 /* Products */;
			projectDirPath = "";
			projectRoot = "";
			targets = (
				87D923FA1E3870A600A24156 /* AutoLayoutAssignment1 */,
			);
		};
/* End PBXProject section */

/* Begin PBXResourcesBuildPhase section */
		87D923F91E3870A600A24156 /* Resources */ = {
			isa = PBXResourcesBuildPhase;
			buildActionMask = 2147483647;
			files = (
				87D924091E3870A600A24156 /* LaunchScreen.storyboard in Resources */,
				87D924061E3870A600A24156 /* Assets.xcassets in Resources */,
				87D924041E3870A600A24156 /* Main.storyboard in Resources */,
			);
			runOnlyForDeploymentPostprocessing = 0;
		};
/* End PBXResourcesBuildPhase section */

/* Begin PBXSourcesBuildPhase section */
		87D923F71E3870A600A24156 /* Sources */ = {
			isa = PBXSourcesBuildPhase;
			buildActionMask = 2147483647;
			files = (
				87D924011E3870A600A24156 /* ViewController.swift in Sources */,
				87D923FF1E3870A600A24156 /* AppDelegate.swift in Sources */,
			);
			runOnlyForDeploymentPostprocessing = 0;
		};
/* End PBXSourcesBuildPhase section */

/* Begin PBXVariantGroup section */
		87D924021E3870A600A24156 /* Main.storyboard */ = {
			isa = PBXVariantGroup;
			children = (
				87D924031E3870A600A24156 /* Base */,
			);
			name = Main.storyboard;
			sourceTree = "<group>";
		};
		87D924071E3870A600A24156 /* LaunchScreen.storyboard */ = {
			isa = PBXVariantGroup;
			children = (
				87D924081E3870A600A24156 /* Base */,
			);
			name = LaunchScreen.storyboard;
			sourceTree = "<group>";
		};
/* End PBXVariantGroup section */

/* Begin XCBuildConfiguration section */
		87D9240B1E3870A600A24156 /* Debug */ = {
			isa = XCBuildConfiguration;
			buildSettings = {
				ALWAYS_SEARCH_USER_PATHS = NO;
				CLANG_ANALYZER_NONNULL = YES;
				CLANG_CXX_LANGUAGE_STANDARD = "gnu++0x";
				CLANG_CXX_LIBRARY = "libc++";
				CLANG_ENABLE_MODULES = YES;
				CLANG_ENABLE_OBJC_ARC = YES;
				CLANG_WARN_BOOL_CONVERSION = YES;
				CLANG_WARN_CONSTANT_CONVERSION = YES;
				CLANG_WARN_DIRECT_OBJC_ISA_USAGE = YES_ERROR;
				CLANG_WARN_DOCUMENTATION_COMMENTS = YES;
				CLANG_WARN_EMPTY_BODY = YES;
				CLANG_WARN_ENUM_CONVERSION = YES;
				CLANG_WARN_INFINITE_RECURSION = YES;
				CLANG_WARN_INT_CONVERSION = YES;
				CLANG_WARN_OBJC_ROOT_CLASS = YES_ERROR;
				CLANG_WARN_SUSPICIOUS_MOVE = YES;
				CLANG_WARN_UNREACHABLE_CODE = YES;
				CLANG_WARN__DUPLICATE_METHOD_MATCH = YES;
				"CODE_SIGN_IDENTITY[sdk=iphoneos*]" = "iPhone Developer";
				COPY_PHASE_STRIP = NO;
				DEBUG_INFORMATION_FORMAT = dwarf;
				ENABLE_STRICT_OBJC_MSGSEND = YES;
				ENABLE_TESTABILITY = YES;
				GCC_C_LANGUAGE_STANDARD = gnu99;
				GCC_DYNAMIC_NO_PIC = NO;
				GCC_NO_COMMON_BLOCKS = YES;
				GCC_OPTIMIZATION_LEVEL = 0;
				GCC_PREPROCESSOR_DEFINITIONS = (
					"DEBUG=1",
					"$(inherited)",
				);
				GCC_WARN_64_TO_32_BIT_CONVERSION = YES;
				GCC_WARN_ABOUT_RETURN_TYPE = YES_ERROR;
				GCC_WARN_UNDECLARED_SELECTOR = YES;
				GCC_WARN_UNINITIALIZED_AUTOS = YES_AGGRESSIVE;
				GCC_WARN_UNUSED_FUNCTION = YES;
				GCC_WARN_UNUSED_VARIABLE = YES;
				IPHONEOS_DEPLOYMENT_TARGET = 10.2;
				MTL_ENABLE_DEBUG_INFO = YES;
				ONLY_ACTIVE_ARCH = YES;
				SDKROOT = iphoneos;
				SWIFT_ACTIVE_COMPILATION_CONDITIONS = DEBUG;
				SWIFT_OPTIMIZATION_LEVEL = "-Onone";
			};
			name = Debug;
		};
		87D9240C1E3870A600A24156 /* Release */ = {
			isa = XCBuildConfiguration;
			buildSettings = {
				ALWAYS_SEARCH_USER_PATHS = NO;
				CLANG_ANALYZER_NONNULL = YES;
				CLANG_CXX_LANGUAGE_STANDARD = "gnu++0x";
				CLANG_CXX_LIBRARY = "libc++";
				CLANG_ENABLE_MODULES = YES;
				CLANG_ENABLE_OBJC_ARC = YES;
				CLANG_WARN_BOOL_CONVERSION = YES;
				CLANG_WARN_CONSTANT_CONVERSION = YES;
				CLANG_WARN_DIRECT_OBJC_ISA_USAGE = YES_ERROR;
				CLANG_WARN_DOCUMENTATION_COMMENTS = YES;
				CLANG_WARN_EMPTY_BODY = YES;
				CLANG_WARN_ENUM_CONVERSION = YES;
				CLANG_WARN_INFINITE_RECURSION = YES;
				CLANG_WARN_INT_CONVERSION = YES;
				CLANG_WARN_OBJC_ROOT_CLASS = YES_ERROR;
				CLANG_WARN_SUSPICIOUS_MOVE = YES;
				CLANG_WARN_UNREACHABLE_CODE = YES;
				CLANG_WARN__DUPLICATE_METHOD_MATCH = YES;
				"CODE_SIGN_IDENTITY[sdk=iphoneos*]" = "iPhone Developer";
				COPY_PHASE_STRIP = NO;
				DEBUG_INFORMATION_FORMAT = "dwarf-with-dsym";
				ENABLE_NS_ASSERTIONS = NO;
				ENABLE_STRICT_OBJC_MSGSEND = YES;
				GCC_C_LANGUAGE_STANDARD = gnu99;
				GCC_NO_COMMON_BLOCKS = YES;
				GCC_WARN_64_TO_32_BIT_CONVERSION = YES;
				GCC_WARN_ABOUT_RETURN_TYPE = YES_ERROR;
				GCC_WARN_UNDECLARED_SELECTOR = YES;
				GCC_WARN_UNINITIALIZED_AUTOS = YES_AGGRESSIVE;
				GCC_WARN_UNUSED_FUNCTION = YES;
				GCC_WARN_UNUSED_VARIABLE = YES;
				IPHONEOS_DEPLOYMENT_TARGET = 10.2;
				MTL_ENABLE_DEBUG_INFO = NO;
				SDKROOT = iphoneos;
				SWIFT_OPTIMIZATION_LEVEL = "-Owholemodule";
				VALIDATE_PRODUCT = YES;
			};
			name = Release;
		};
		87D9240E1E3870A600A24156 /* Debug */ = {
			isa = XCBuildConfiguration;
			buildSettings = {
				ASSETCATALOG_COMPILER_APPICON_NAME = AppIcon;
				INFOPLIST_FILE = AutoLayoutAssignment1/Info.plist;
				LD_RUNPATH_SEARCH_PATHS = "$(inherited) @executable_path/Frameworks";
				PRODUCT_BUNDLE_IDENTIFIER = com.codekul.AutoLayoutAssignment1;
				PRODUCT_NAME = "$(TARGET_NAME)";
				SWIFT_VERSION = 3.0;
			};
			name = Debug;
		};
		87D9240F1E3870A600A24156 /* Release */ = {
			isa = XCBuildConfiguration;
			buildSettings = {
				ASSETCATALOG_COMPILER_APPICON_NAME = AppIcon;
				INFOPLIST_FILE = AutoLayoutAssignment1/Info.plist;
				LD_RUNPATH_SEARCH_PATHS = "$(inherited) @executable_path/Frameworks";
				PRODUCT_BUNDLE_IDENTIFIER = com.codekul.AutoLayoutAssignment1;
				PRODUCT_NAME = "$(TARGET_NAME)";
				SWIFT_VERSION = 3.0;
			};
			name = Release;
		};
/* End XCBuildConfiguration section */

/* Begin XCConfigurationList section */
		87D923F61E3870A600A24156 /* Build configuration list for PBXProject "AutoLayoutAssignment1" */ = {
			isa = XCConfigurationList;
			buildConfigurations = (
				87D9240B1E3870A600A24156 /* Debug */,
				87D9240C1E3870A600A24156 /* Release */,
			);
			defaultConfigurationIsVisible = 0;
			defaultConfigurationName = Release;
		};
		87D9240D1E3870A600A24156 /* Build configuration list for PBXNativeTarget "AutoLayoutAssignment1" */ = {
			isa = XCConfigurationList;
			buildConfigurations = (
				87D9240E1E3870A600A24156 /* Debug */,
				87D9240F1E3870A600A24156 /* Release */,
			);
			defaultConfigurationIsVisible = 0;
		};
/* End XCConfigurationList section */
	};
	rootObject = 87D923F31E3870A600A24156 /* Project object */;
}
