// !$*UTF8*$!
{
	archiveVersion = 1;
	classes = {
	};
	objectVersion = 46;
	objects = {

/* Begin PBXBuildFile section */
		872FFDCD1E4C2EFF00B6C8B8 /* AppDelegate.swift in Sources */ = {isa = PBXBuildFile; fileRef = 872FFDCC1E4C2EFF00B6C8B8 /* AppDelegate.swift */; };
		872FFDCF1E4C2EFF00B6C8B8 /* ViewController.swift in Sources */ = {isa = PBXBuildFile; fileRef = 872FFDCE1E4C2EFF00B6C8B8 /* ViewController.swift */; };
		872FFDD21E4C2EFF00B6C8B8 /* Main.storyboard in Resources */ = {isa = PBXBuildFile; fileRef = 872FFDD01E4C2EFF00B6C8B8 /* Main.storyboard */; };
		872FFDD51E4C2EFF00B6C8B8 /* CoreDataDemo.xcdatamodeld in Sources */ = {isa = PBXBuildFile; fileRef = 872FFDD31E4C2EFF00B6C8B8 /* CoreDataDemo.xcdatamodeld */; };
		872FFDD71E4C2EFF00B6C8B8 /* Assets.xcassets in Resources */ = {isa = PBXBuildFile; fileRef = 872FFDD61E4C2EFF00B6C8B8 /* Assets.xcassets */; };
		872FFDDA1E4C2EFF00B6C8B8 /* LaunchScreen.storyboard in Resources */ = {isa = PBXBuildFile; fileRef = 872FFDD81E4C2EFF00B6C8B8 /* LaunchScreen.storyboard */; };
/* End PBXBuildFile section */

/* Begin PBXFileReference section */
		872FFDC91E4C2EFF00B6C8B8 /* CoreDataDemo.app */ = {isa = PBXFileReference; explicitFileType = wrapper.application; includeInIndex = 0; path = CoreDataDemo.app; sourceTree = BUILT_PRODUCTS_DIR; };
		872FFDCC1E4C2EFF00B6C8B8 /* AppDelegate.swift */ = {isa = PBXFileReference; lastKnownFileType = sourcecode.swift; path = AppDelegate.swift; sourceTree = "<group>"; };
		872FFDCE1E4C2EFF00B6C8B8 /* ViewController.swift */ = {isa = PBXFileReference; lastKnownFileType = sourcecode.swift; path = ViewController.swift; sourceTree = "<group>"; };
		872FFDD11E4C2EFF00B6C8B8 /* Base */ = {isa = PBXFileReference; lastKnownFileType = file.storyboard; name = Base; path = Base.lproj/Main.storyboard; sourceTree = "<group>"; };
		872FFDD41E4C2EFF00B6C8B8 /* CoreDataDemo.xcdatamodel */ = {isa = PBXFileReference; lastKnownFileType = wrapper.xcdatamodel; path = CoreDataDemo.xcdatamodel; sourceTree = "<group>"; };
		872FFDD61E4C2EFF00B6C8B8 /* Assets.xcassets */ = {isa = PBXFileReference; lastKnownFileType = folder.assetcatalog; path = Assets.xcassets; sourceTree = "<group>"; };
		872FFDD91E4C2EFF00B6C8B8 /* Base */ = {isa = PBXFileReference; lastKnownFileType = file.storyboard; name = Base; path = Base.lproj/LaunchScreen.storyboard; sourceTree = "<group>"; };
		872FFDDB1E4C2EFF00B6C8B8 /* Info.plist */ = {isa = PBXFileReference; lastKnownFileType = text.plist.xml; path = Info.plist; sourceTree = "<group>"; };
/* End PBXFileReference section */

/* Begin PBXFrameworksBuildPhase section */
		872FFDC61E4C2EFF00B6C8B8 /* Frameworks */ = {
			isa = PBXFrameworksBuildPhase;
			buildActionMask = 2147483647;
			files = (
			);
			runOnlyForDeploymentPostprocessing = 0;
		};
/* End PBXFrameworksBuildPhase section */

/* Begin PBXGroup section */
		872FFDC01E4C2EFF00B6C8B8 = {
			isa = PBXGroup;
			children = (
				872FFDCB1E4C2EFF00B6C8B8 /* CoreDataDemo */,
				872FFDCA1E4C2EFF00B6C8B8 /* Products */,
			);
			sourceTree = "<group>";
		};
		872FFDCA1E4C2EFF00B6C8B8 /* Products */ = {
			isa = PBXGroup;
			children = (
				872FFDC91E4C2EFF00B6C8B8 /* CoreDataDemo.app */,
			);
			name = Products;
			sourceTree = "<group>";
		};
		872FFDCB1E4C2EFF00B6C8B8 /* CoreDataDemo */ = {
			isa = PBXGroup;
			children = (
				872FFDCC1E4C2EFF00B6C8B8 /* AppDelegate.swift */,
				872FFDCE1E4C2EFF00B6C8B8 /* ViewController.swift */,
				872FFDD01E4C2EFF00B6C8B8 /* Main.storyboard */,
				872FFDD61E4C2EFF00B6C8B8 /* Assets.xcassets */,
				872FFDD81E4C2EFF00B6C8B8 /* LaunchScreen.storyboard */,
				872FFDDB1E4C2EFF00B6C8B8 /* Info.plist */,
				872FFDD31E4C2EFF00B6C8B8 /* CoreDataDemo.xcdatamodeld */,
			);
			path = CoreDataDemo;
			sourceTree = "<group>";
		};
/* End PBXGroup section */

/* Begin PBXNativeTarget section */
		872FFDC81E4C2EFF00B6C8B8 /* CoreDataDemo */ = {
			isa = PBXNativeTarget;
			buildConfigurationList = 872FFDDE1E4C2EFF00B6C8B8 /* Build configuration list for PBXNativeTarget "CoreDataDemo" */;
			buildPhases = (
				872FFDC51E4C2EFF00B6C8B8 /* Sources */,
				872FFDC61E4C2EFF00B6C8B8 /* Frameworks */,
				872FFDC71E4C2EFF00B6C8B8 /* Resources */,
			);
			buildRules = (
			);
			dependencies = (
			);
			name = CoreDataDemo;
			productName = CoreDataDemo;
			productReference = 872FFDC91E4C2EFF00B6C8B8 /* CoreDataDemo.app */;
			productType = "com.apple.product-type.application";
		};
/* End PBXNativeTarget section */

/* Begin PBXProject section */
		872FFDC11E4C2EFF00B6C8B8 /* Project object */ = {
			isa = PBXProject;
			attributes = {
				LastSwiftUpdateCheck = 0820;
				LastUpgradeCheck = 0820;
				ORGANIZATIONNAME = CodeKul;
				TargetAttributes = {
					872FFDC81E4C2EFF00B6C8B8 = {
						CreatedOnToolsVersion = 8.2.1;
						ProvisioningStyle = Automatic;
					};
				};
			};
			buildConfigurationList = 872FFDC41E4C2EFF00B6C8B8 /* Build configuration list for PBXProject "CoreDataDemo" */;
			compatibilityVersion = "Xcode 3.2";
			developmentRegion = English;
			hasScannedForEncodings = 0;
			knownRegions = (
				en,
				Base,
			);
			mainGroup = 872FFDC01E4C2EFF00B6C8B8;
			productRefGroup = 872FFDCA1E4C2EFF00B6C8B8 /* Products */;
			projectDirPath = "";
			projectRoot = "";
			targets = (
				872FFDC81E4C2EFF00B6C8B8 /* CoreDataDemo */,
			);
		};
/* End PBXProject section */

/* Begin PBXResourcesBuildPhase section */
		872FFDC71E4C2EFF00B6C8B8 /* Resources */ = {
			isa = PBXResourcesBuildPhase;
			buildActionMask = 2147483647;
			files = (
				872FFDDA1E4C2EFF00B6C8B8 /* LaunchScreen.storyboard in Resources */,
				872FFDD71E4C2EFF00B6C8B8 /* Assets.xcassets in Resources */,
				872FFDD21E4C2EFF00B6C8B8 /* Main.storyboard in Resources */,
			);
			runOnlyForDeploymentPostprocessing = 0;
		};
/* End PBXResourcesBuildPhase section */

/* Begin PBXSourcesBuildPhase section */
		872FFDC51E4C2EFF00B6C8B8 /* Sources */ = {
			isa = PBXSourcesBuildPhase;
			buildActionMask = 2147483647;
			files = (
				872FFDCF1E4C2EFF00B6C8B8 /* ViewController.swift in Sources */,
				872FFDD51E4C2EFF00B6C8B8 /* CoreDataDemo.xcdatamodeld in Sources */,
				872FFDCD1E4C2EFF00B6C8B8 /* AppDelegate.swift in Sources */,
			);
			runOnlyForDeploymentPostprocessing = 0;
		};
/* End PBXSourcesBuildPhase section */

/* Begin PBXVariantGroup section */
		872FFDD01E4C2EFF00B6C8B8 /* Main.storyboard */ = {
			isa = PBXVariantGroup;
			children = (
				872FFDD11E4C2EFF00B6C8B8 /* Base */,
			);
			name = Main.storyboard;
			sourceTree = "<group>";
		};
		872FFDD81E4C2EFF00B6C8B8 /* LaunchScreen.storyboard */ = {
			isa = PBXVariantGroup;
			children = (
				872FFDD91E4C2EFF00B6C8B8 /* Base */,
			);
			name = LaunchScreen.storyboard;
			sourceTree = "<group>";
		};
/* End PBXVariantGroup section */

/* Begin XCBuildConfiguration section */
		872FFDDC1E4C2EFF00B6C8B8 /* Debug */ = {
			isa = XCBuildConfiguration;
			buildSettings = {
				ALWAYS_SEARCH_USER_PATHS = NO;
				CLANG_ANALYZER_NONNULL = YES;
				CLANG_CXX_LANGUAGE_STANDARD = "gnu++0x";
				CLANG_CXX_LIBRARY = "libc++";
				CLANG_ENABLE_MODULES = YES;
				CLANG_ENABLE_OBJC_ARC = YES;
				CLANG_WARN_BOOL_CONVERSION = YES;
				CLANG_WARN_CONSTANT_CONVERSION = YES;
				CLANG_WARN_DIRECT_OBJC_ISA_USAGE = YES_ERROR;
				CLANG_WARN_DOCUMENTATION_COMMENTS = YES;
				CLANG_WARN_EMPTY_BODY = YES;
				CLANG_WARN_ENUM_CONVERSION = YES;
				CLANG_WARN_INFINITE_RECURSION = YES;
				CLANG_WARN_INT_CONVERSION = YES;
				CLANG_WARN_OBJC_ROOT_CLASS = YES_ERROR;
				CLANG_WARN_SUSPICIOUS_MOVE = YES;
				CLANG_WARN_UNREACHABLE_CODE = YES;
				CLANG_WARN__DUPLICATE_METHOD_MATCH = YES;
				"CODE_SIGN_IDENTITY[sdk=iphoneos*]" = "iPhone Developer";
				COPY_PHASE_STRIP = NO;
				DEBUG_INFORMATION_FORMAT = dwarf;
				ENABLE_STRICT_OBJC_MSGSEND = YES;
				ENABLE_TESTABILITY = YES;
				GCC_C_LANGUAGE_STANDARD = gnu99;
				GCC_DYNAMIC_NO_PIC = NO;
				GCC_NO_COMMON_BLOCKS = YES;
				GCC_OPTIMIZATION_LEVEL = 0;
				GCC_PREPROCESSOR_DEFINITIONS = (
					"DEBUG=1",
					"$(inherited)",
				);
				GCC_WARN_64_TO_32_BIT_CONVERSION = YES;
				GCC_WARN_ABOUT_RETURN_TYPE = YES_ERROR;
				GCC_WARN_UNDECLARED_SELECTOR = YES;
				GCC_WARN_UNINITIALIZED_AUTOS = YES_AGGRESSIVE;
				GCC_WARN_UNUSED_FUNCTION = YES;
				GCC_WARN_UNUSED_VARIABLE = YES;
				IPHONEOS_DEPLOYMENT_TARGET = 10.2;
				MTL_ENABLE_DEBUG_INFO = YES;
				ONLY_ACTIVE_ARCH = YES;
				SDKROOT = iphoneos;
				SWIFT_ACTIVE_COMPILATION_CONDITIONS = DEBUG;
				SWIFT_OPTIMIZATION_LEVEL = "-Onone";
			};
			name = Debug;
		};
		872FFDDD1E4C2EFF00B6C8B8 /* Release */ = {
			isa = XCBuildConfiguration;
			buildSettings = {
				ALWAYS_SEARCH_USER_PATHS = NO;
				CLANG_ANALYZER_NONNULL = YES;
				CLANG_CXX_LANGUAGE_STANDARD = "gnu++0x";
				CLANG_CXX_LIBRARY = "libc++";
				CLANG_ENABLE_MODULES = YES;
				CLANG_ENABLE_OBJC_ARC = YES;
				CLANG_WARN_BOOL_CONVERSION = YES;
				CLANG_WARN_CONSTANT_CONVERSION = YES;
				CLANG_WARN_DIRECT_OBJC_ISA_USAGE = YES_ERROR;
				CLANG_WARN_DOCUMENTATION_COMMENTS = YES;
				CLANG_WARN_EMPTY_BODY = YES;
				CLANG_WARN_ENUM_CONVERSION = YES;
				CLANG_WARN_INFINITE_RECURSION = YES;
				CLANG_WARN_INT_CONVERSION = YES;
				CLANG_WARN_OBJC_ROOT_CLASS = YES_ERROR;
				CLANG_WARN_SUSPICIOUS_MOVE = YES;
				CLANG_WARN_UNREACHABLE_CODE = YES;
				CLANG_WARN__DUPLICATE_METHOD_MATCH = YES;
				"CODE_SIGN_IDENTITY[sdk=iphoneos*]" = "iPhone Developer";
				COPY_PHASE_STRIP = NO;
				DEBUG_INFORMATION_FORMAT = "dwarf-with-dsym";
				ENABLE_NS_ASSERTIONS = NO;
				ENABLE_STRICT_OBJC_MSGSEND = YES;
				GCC_C_LANGUAGE_STANDARD = gnu99;
				GCC_NO_COMMON_BLOCKS = YES;
				GCC_WARN_64_TO_32_BIT_CONVERSION = YES;
				GCC_WARN_ABOUT_RETURN_TYPE = YES_ERROR;
				GCC_WARN_UNDECLARED_SELECTOR = YES;
				GCC_WARN_UNINITIALIZED_AUTOS = YES_AGGRESSIVE;
				GCC_WARN_UNUSED_FUNCTION = YES;
				GCC_WARN_UNUSED_VARIABLE = YES;
				IPHONEOS_DEPLOYMENT_TARGET = 10.2;
				MTL_ENABLE_DEBUG_INFO = NO;
				SDKROOT = iphoneos;
				SWIFT_OPTIMIZATION_LEVEL = "-Owholemodule";
				VALIDATE_PRODUCT = YES;
			};
			name = Release;
		};
		872FFDDF1E4C2EFF00B6C8B8 /* Debug */ = {
			isa = XCBuildConfiguration;
			buildSettings = {
				ASSETCATALOG_COMPILER_APPICON_NAME = AppIcon;
				INFOPLIST_FILE = CoreDataDemo/Info.plist;
				LD_RUNPATH_SEARCH_PATHS = "$(inherited) @executable_path/Frameworks";
				PRODUCT_BUNDLE_IDENTIFIER = com.codekul.CoreDataDemo;
				PRODUCT_NAME = "$(TARGET_NAME)";
				SWIFT_VERSION = 3.0;
			};
			name = Debug;
		};
		872FFDE01E4C2EFF00B6C8B8 /* Release */ = {
			isa = XCBuildConfiguration;
			buildSettings = {
				ASSETCATALOG_COMPILER_APPICON_NAME = AppIcon;
				INFOPLIST_FILE = CoreDataDemo/Info.plist;
				LD_RUNPATH_SEARCH_PATHS = "$(inherited) @executable_path/Frameworks";
				PRODUCT_BUNDLE_IDENTIFIER = com.codekul.CoreDataDemo;
				PRODUCT_NAME = "$(TARGET_NAME)";
				SWIFT_VERSION = 3.0;
			};
			name = Release;
		};
/* End XCBuildConfiguration section */

/* Begin XCConfigurationList section */
		872FFDC41E4C2EFF00B6C8B8 /* Build configuration list for PBXProject "CoreDataDemo" */ = {
			isa = XCConfigurationList;
			buildConfigurations = (
				872FFDDC1E4C2EFF00B6C8B8 /* Debug */,
				872FFDDD1E4C2EFF00B6C8B8 /* Release */,
			);
			defaultConfigurationIsVisible = 0;
			defaultConfigurationName = Release;
		};
		872FFDDE1E4C2EFF00B6C8B8 /* Build configuration list for PBXNativeTarget "CoreDataDemo" */ = {
			isa = XCConfigurationList;
			buildConfigurations = (
				872FFDDF1E4C2EFF00B6C8B8 /* Debug */,
				872FFDE01E4C2EFF00B6C8B8 /* Release */,
			);
			defaultConfigurationIsVisible = 0;
		};
/* End XCConfigurationList section */

/* Begin XCVersionGroup section */
		872FFDD31E4C2EFF00B6C8B8 /* CoreDataDemo.xcdatamodeld */ = {
			isa = XCVersionGroup;
			children = (
				872FFDD41E4C2EFF00B6C8B8 /* CoreDataDemo.xcdatamodel */,
			);
			currentVersion = 872FFDD41E4C2EFF00B6C8B8 /* CoreDataDemo.xcdatamodel */;
			path = CoreDataDemo.xcdatamodeld;
			sourceTree = "<group>";
			versionGroupType = wrapper.xcdatamodel;
		};
/* End XCVersionGroup section */
	};
	rootObject = 872FFDC11E4C2EFF00B6C8B8 /* Project object */;
}
