// !$*UTF8*$!
{
	archiveVersion = 1;
	classes = {
	};
	objectVersion = 46;
	objects = {

/* Begin PBXBuildFile section */
		8B283AC41E1E0D53002D738A /* AppDelegate.swift in Sources */ = {isa = PBXBuildFile; fileRef = 8B283AC31E1E0D53002D738A /* AppDelegate.swift */; };
		8B283AC61E1E0D53002D738A /* ViewController.swift in Sources */ = {isa = PBXBuildFile; fileRef = 8B283AC51E1E0D53002D738A /* ViewController.swift */; };
		8B283AC91E1E0D53002D738A /* Main.storyboard in Resources */ = {isa = PBXBuildFile; fileRef = 8B283AC71E1E0D53002D738A /* Main.storyboard */; };
		8B283ACB1E1E0D53002D738A /* Assets.xcassets in Resources */ = {isa = PBXBuildFile; fileRef = 8B283ACA1E1E0D53002D738A /* Assets.xcassets */; };
		8B283ACE1E1E0D53002D738A /* LaunchScreen.storyboard in Resources */ = {isa = PBXBuildFile; fileRef = 8B283ACC1E1E0D53002D738A /* LaunchScreen.storyboard */; };
/* End PBXBuildFile section */

/* Begin PBXFileReference section */
		8B283AC01E1E0D53002D738A /* calculator_4thJan17.app */ = {isa = PBXFileReference; explicitFileType = wrapper.application; includeInIndex = 0; path = calculator_4thJan17.app; sourceTree = BUILT_PRODUCTS_DIR; };
		8B283AC31E1E0D53002D738A /* AppDelegate.swift */ = {isa = PBXFileReference; lastKnownFileType = sourcecode.swift; path = AppDelegate.swift; sourceTree = "<group>"; };
		8B283AC51E1E0D53002D738A /* ViewController.swift */ = {isa = PBXFileReference; lastKnownFileType = sourcecode.swift; path = ViewController.swift; sourceTree = "<group>"; };
		8B283AC81E1E0D53002D738A /* Base */ = {isa = PBXFileReference; lastKnownFileType = file.storyboard; name = Base; path = Base.lproj/Main.storyboard; sourceTree = "<group>"; };
		8B283ACA1E1E0D53002D738A /* Assets.xcassets */ = {isa = PBXFileReference; lastKnownFileType = folder.assetcatalog; path = Assets.xcassets; sourceTree = "<group>"; };
		8B283ACD1E1E0D53002D738A /* Base */ = {isa = PBXFileReference; lastKnownFileType = file.storyboard; name = Base; path = Base.lproj/LaunchScreen.storyboard; sourceTree = "<group>"; };
		8B283ACF1E1E0D53002D738A /* Info.plist */ = {isa = PBXFileReference; lastKnownFileType = text.plist.xml; path = Info.plist; sourceTree = "<group>"; };
/* End PBXFileReference section */

/* Begin PBXFrameworksBuildPhase section */
		8B283ABD1E1E0D53002D738A /* Frameworks */ = {
			isa = PBXFrameworksBuildPhase;
			buildActionMask = 2147483647;
			files = (
			);
			runOnlyForDeploymentPostprocessing = 0;
		};
/* End PBXFrameworksBuildPhase section */

/* Begin PBXGroup section */
		8B283AB71E1E0D53002D738A = {
			isa = PBXGroup;
			children = (
				8B283AC21E1E0D53002D738A /* calculator_4thJan17 */,
				8B283AC11E1E0D53002D738A /* Products */,
			);
			sourceTree = "<group>";
		};
		8B283AC11E1E0D53002D738A /* Products */ = {
			isa = PBXGroup;
			children = (
				8B283AC01E1E0D53002D738A /* calculator_4thJan17.app */,
			);
			name = Products;
			sourceTree = "<group>";
		};
		8B283AC21E1E0D53002D738A /* calculator_4thJan17 */ = {
			isa = PBXGroup;
			children = (
				8B283AC31E1E0D53002D738A /* AppDelegate.swift */,
				8B283AC51E1E0D53002D738A /* ViewController.swift */,
				8B283AC71E1E0D53002D738A /* Main.storyboard */,
				8B283ACA1E1E0D53002D738A /* Assets.xcassets */,
				8B283ACC1E1E0D53002D738A /* LaunchScreen.storyboard */,
				8B283ACF1E1E0D53002D738A /* Info.plist */,
			);
			path = calculator_4thJan17;
			sourceTree = "<group>";
		};
/* End PBXGroup section */

/* Begin PBXNativeTarget section */
		8B283ABF1E1E0D53002D738A /* calculator_4thJan17 */ = {
			isa = PBXNativeTarget;
			buildConfigurationList = 8B283AD21E1E0D53002D738A /* Build configuration list for PBXNativeTarget "calculator_4thJan17" */;
			buildPhases = (
				8B283ABC1E1E0D53002D738A /* Sources */,
				8B283ABD1E1E0D53002D738A /* Frameworks */,
				8B283ABE1E1E0D53002D738A /* Resources */,
			);
			buildRules = (
			);
			dependencies = (
			);
			name = calculator_4thJan17;
			productName = calculator_4thJan17;
			productReference = 8B283AC01E1E0D53002D738A /* calculator_4thJan17.app */;
			productType = "com.apple.product-type.application";
		};
/* End PBXNativeTarget section */

/* Begin PBXProject section */
		8B283AB81E1E0D53002D738A /* Project object */ = {
			isa = PBXProject;
			attributes = {
				LastSwiftUpdateCheck = 0810;
				LastUpgradeCheck = 0810;
				ORGANIZATIONNAME = Codekul;
				TargetAttributes = {
					8B283ABF1E1E0D53002D738A = {
						CreatedOnToolsVersion = 8.1;
						ProvisioningStyle = Automatic;
					};
				};
			};
			buildConfigurationList = 8B283ABB1E1E0D53002D738A /* Build configuration list for PBXProject "calculator_4thJan17" */;
			compatibilityVersion = "Xcode 3.2";
			developmentRegion = English;
			hasScannedForEncodings = 0;
			knownRegions = (
				en,
				Base,
			);
			mainGroup = 8B283AB71E1E0D53002D738A;
			productRefGroup = 8B283AC11E1E0D53002D738A /* Products */;
			projectDirPath = "";
			projectRoot = "";
			targets = (
				8B283ABF1E1E0D53002D738A /* calculator_4thJan17 */,
			);
		};
/* End PBXProject section */

/* Begin PBXResourcesBuildPhase section */
		8B283ABE1E1E0D53002D738A /* Resources */ = {
			isa = PBXResourcesBuildPhase;
			buildActionMask = 2147483647;
			files = (
				8B283ACE1E1E0D53002D738A /* LaunchScreen.storyboard in Resources */,
				8B283ACB1E1E0D53002D738A /* Assets.xcassets in Resources */,
				8B283AC91E1E0D53002D738A /* Main.storyboard in Resources */,
			);
			runOnlyForDeploymentPostprocessing = 0;
		};
/* End PBXResourcesBuildPhase section */

/* Begin PBXSourcesBuildPhase section */
		8B283ABC1E1E0D53002D738A /* Sources */ = {
			isa = PBXSourcesBuildPhase;
			buildActionMask = 2147483647;
			files = (
				8B283AC61E1E0D53002D738A /* ViewController.swift in Sources */,
				8B283AC41E1E0D53002D738A /* AppDelegate.swift in Sources */,
			);
			runOnlyForDeploymentPostprocessing = 0;
		};
/* End PBXSourcesBuildPhase section */

/* Begin PBXVariantGroup section */
		8B283AC71E1E0D53002D738A /* Main.storyboard */ = {
			isa = PBXVariantGroup;
			children = (
				8B283AC81E1E0D53002D738A /* Base */,
			);
			name = Main.storyboard;
			sourceTree = "<group>";
		};
		8B283ACC1E1E0D53002D738A /* LaunchScreen.storyboard */ = {
			isa = PBXVariantGroup;
			children = (
				8B283ACD1E1E0D53002D738A /* Base */,
			);
			name = LaunchScreen.storyboard;
			sourceTree = "<group>";
		};
/* End PBXVariantGroup section */

/* Begin XCBuildConfiguration section */
		8B283AD01E1E0D53002D738A /* Debug */ = {
			isa = XCBuildConfiguration;
			buildSettings = {
				ALWAYS_SEARCH_USER_PATHS = NO;
				CLANG_ANALYZER_NONNULL = YES;
				CLANG_CXX_LANGUAGE_STANDARD = "gnu++0x";
				CLANG_CXX_LIBRARY = "libc++";
				CLANG_ENABLE_MODULES = YES;
				CLANG_ENABLE_OBJC_ARC = YES;
				CLANG_WARN_BOOL_CONVERSION = YES;
				CLANG_WARN_CONSTANT_CONVERSION = YES;
				CLANG_WARN_DIRECT_OBJC_ISA_USAGE = YES_ERROR;
				CLANG_WARN_DOCUMENTATION_COMMENTS = YES;
				CLANG_WARN_EMPTY_BODY = YES;
				CLANG_WARN_ENUM_CONVERSION = YES;
				CLANG_WARN_INFINITE_RECURSION = YES;
				CLANG_WARN_INT_CONVERSION = YES;
				CLANG_WARN_OBJC_ROOT_CLASS = YES_ERROR;
				CLANG_WARN_SUSPICIOUS_MOVES = YES;
				CLANG_WARN_UNREACHABLE_CODE = YES;
				CLANG_WARN__DUPLICATE_METHOD_MATCH = YES;
				"CODE_SIGN_IDENTITY[sdk=iphoneos*]" = "iPhone Developer";
				COPY_PHASE_STRIP = NO;
				DEBUG_INFORMATION_FORMAT = dwarf;
				ENABLE_STRICT_OBJC_MSGSEND = YES;
				ENABLE_TESTABILITY = YES;
				GCC_C_LANGUAGE_STANDARD = gnu99;
				GCC_DYNAMIC_NO_PIC = NO;
				GCC_NO_COMMON_BLOCKS = YES;
				GCC_OPTIMIZATION_LEVEL = 0;
				GCC_PREPROCESSOR_DEFINITIONS = (
					"DEBUG=1",
					"$(inherited)",
				);
				GCC_WARN_64_TO_32_BIT_CONVERSION = YES;
				GCC_WARN_ABOUT_RETURN_TYPE = YES_ERROR;
				GCC_WARN_UNDECLARED_SELECTOR = YES;
				GCC_WARN_UNINITIALIZED_AUTOS = YES_AGGRESSIVE;
				GCC_WARN_UNUSED_FUNCTION = YES;
				GCC_WARN_UNUSED_VARIABLE = YES;
				IPHONEOS_DEPLOYMENT_TARGET = 10.1;
				MTL_ENABLE_DEBUG_INFO = YES;
				ONLY_ACTIVE_ARCH = YES;
				SDKROOT = iphoneos;
				SWIFT_ACTIVE_COMPILATION_CONDITIONS = DEBUG;
				SWIFT_OPTIMIZATION_LEVEL = "-Onone";
			};
			name = Debug;
		};
		8B283AD11E1E0D53002D738A /* Release */ = {
			isa = XCBuildConfiguration;
			buildSettings = {
				ALWAYS_SEARCH_USER_PATHS = NO;
				CLANG_ANALYZER_NONNULL = YES;
				CLANG_CXX_LANGUAGE_STANDARD = "gnu++0x";
				CLANG_CXX_LIBRARY = "libc++";
				CLANG_ENABLE_MODULES = YES;
				CLANG_ENABLE_OBJC_ARC = YES;
				CLANG_WARN_BOOL_CONVERSION = YES;
				CLANG_WARN_CONSTANT_CONVERSION = YES;
				CLANG_WARN_DIRECT_OBJC_ISA_USAGE = YES_ERROR;
				CLANG_WARN_DOCUMENTATION_COMMENTS = YES;
				CLANG_WARN_EMPTY_BODY = YES;
				CLANG_WARN_ENUM_CONVERSION = YES;
				CLANG_WARN_INFINITE_RECURSION = YES;
				CLANG_WARN_INT_CONVERSION = YES;
				CLANG_WARN_OBJC_ROOT_CLASS = YES_ERROR;
				CLANG_WARN_SUSPICIOUS_MOVES = YES;
				CLANG_WARN_UNREACHABLE_CODE = YES;
				CLANG_WARN__DUPLICATE_METHOD_MATCH = YES;
				"CODE_SIGN_IDENTITY[sdk=iphoneos*]" = "iPhone Developer";
				COPY_PHASE_STRIP = NO;
				DEBUG_INFORMATION_FORMAT = "dwarf-with-dsym";
				ENABLE_NS_ASSERTIONS = NO;
				ENABLE_STRICT_OBJC_MSGSEND = YES;
				GCC_C_LANGUAGE_STANDARD = gnu99;
				GCC_NO_COMMON_BLOCKS = YES;
				GCC_WARN_64_TO_32_BIT_CONVERSION = YES;
				GCC_WARN_ABOUT_RETURN_TYPE = YES_ERROR;
				GCC_WARN_UNDECLARED_SELECTOR = YES;
				GCC_WARN_UNINITIALIZED_AUTOS = YES_AGGRESSIVE;
				GCC_WARN_UNUSED_FUNCTION = YES;
				GCC_WARN_UNUSED_VARIABLE = YES;
				IPHONEOS_DEPLOYMENT_TARGET = 10.1;
				MTL_ENABLE_DEBUG_INFO = NO;
				SDKROOT = iphoneos;
				SWIFT_OPTIMIZATION_LEVEL = "-Owholemodule";
				VALIDATE_PRODUCT = YES;
			};
			name = Release;
		};
		8B283AD31E1E0D53002D738A /* Debug */ = {
			isa = XCBuildConfiguration;
			buildSettings = {
				ASSETCATALOG_COMPILER_APPICON_NAME = AppIcon;
				INFOPLIST_FILE = calculator_4thJan17/Info.plist;
				LD_RUNPATH_SEARCH_PATHS = "$(inherited) @executable_path/Frameworks";
				PRODUCT_BUNDLE_IDENTIFIER = "com.codekul.calculator-4thJan17";
				PRODUCT_NAME = "$(TARGET_NAME)";
				SWIFT_VERSION = 3.0;
			};
			name = Debug;
		};
		8B283AD41E1E0D53002D738A /* Release */ = {
			isa = XCBuildConfiguration;
			buildSettings = {
				ASSETCATALOG_COMPILER_APPICON_NAME = AppIcon;
				INFOPLIST_FILE = calculator_4thJan17/Info.plist;
				LD_RUNPATH_SEARCH_PATHS = "$(inherited) @executable_path/Frameworks";
				PRODUCT_BUNDLE_IDENTIFIER = "com.codekul.calculator-4thJan17";
				PRODUCT_NAME = "$(TARGET_NAME)";
				SWIFT_VERSION = 3.0;
			};
			name = Release;
		};
/* End XCBuildConfiguration section */

/* Begin XCConfigurationList section */
		8B283ABB1E1E0D53002D738A /* Build configuration list for PBXProject "calculator_4thJan17" */ = {
			isa = XCConfigurationList;
			buildConfigurations = (
				8B283AD01E1E0D53002D738A /* Debug */,
				8B283AD11E1E0D53002D738A /* Release */,
			);
			defaultConfigurationIsVisible = 0;
			defaultConfigurationName = Release;
		};
		8B283AD21E1E0D53002D738A /* Build configuration list for PBXNativeTarget "calculator_4thJan17" */ = {
			isa = XCConfigurationList;
			buildConfigurations = (
				8B283AD31E1E0D53002D738A /* Debug */,
				8B283AD41E1E0D53002D738A /* Release */,
			);
			defaultConfigurationIsVisible = 0;
		};
/* End XCConfigurationList section */
	};
	rootObject = 8B283AB81E1E0D53002D738A /* Project object */;
}
