// !$*UTF8*$!
{
	archiveVersion = 1;
	classes = {
	};
	objectVersion = 46;
	objects = {

/* Begin PBXBuildFile section */
		87E9914E1E4060130053334D /* FirstTableTableViewController.swift in Sources */ = {isa = PBXBuildFile; fileRef = 87E9914D1E4060130053334D /* FirstTableTableViewController.swift */; };
		87E991521E4072D90053334D /* CarsTableViewController.swift in Sources */ = {isa = PBXBuildFile; fileRef = 87E991511E4072D90053334D /* CarsTableViewController.swift */; };
		87FE2B4D1E404090009EF062 /* AppDelegate.swift in Sources */ = {isa = PBXBuildFile; fileRef = 87FE2B4C1E404090009EF062 /* AppDelegate.swift */; };
		87FE2B521E404090009EF062 /* Main.storyboard in Resources */ = {isa = PBXBuildFile; fileRef = 87FE2B501E404090009EF062 /* Main.storyboard */; };
		87FE2B541E404090009EF062 /* Assets.xcassets in Resources */ = {isa = PBXBuildFile; fileRef = 87FE2B531E404090009EF062 /* Assets.xcassets */; };
		87FE2B571E404090009EF062 /* LaunchScreen.storyboard in Resources */ = {isa = PBXBuildFile; fileRef = 87FE2B551E404090009EF062 /* LaunchScreen.storyboard */; };
		87FE2B5F1E4044A0009EF062 /* adinium.jpg in Resources */ = {isa = PBXBuildFile; fileRef = 87FE2B5E1E4044A0009EF062 /* adinium.jpg */; };
/* End PBXBuildFile section */

/* Begin PBXFileReference section */
		87E9914D1E4060130053334D /* FirstTableTableViewController.swift */ = {isa = PBXFileReference; fileEncoding = 4; lastKnownFileType = sourcecode.swift; path = FirstTableTableViewController.swift; sourceTree = "<group>"; };
		87E991511E4072D90053334D /* CarsTableViewController.swift */ = {isa = PBXFileReference; fileEncoding = 4; lastKnownFileType = sourcecode.swift; path = CarsTableViewController.swift; sourceTree = "<group>"; };
		87FE2B491E404090009EF062 /* tableViewPractice.app */ = {isa = PBXFileReference; explicitFileType = wrapper.application; includeInIndex = 0; path = tableViewPractice.app; sourceTree = BUILT_PRODUCTS_DIR; };
		87FE2B4C1E404090009EF062 /* AppDelegate.swift */ = {isa = PBXFileReference; lastKnownFileType = sourcecode.swift; path = AppDelegate.swift; sourceTree = "<group>"; };
		87FE2B511E404090009EF062 /* Base */ = {isa = PBXFileReference; lastKnownFileType = file.storyboard; name = Base; path = Base.lproj/Main.storyboard; sourceTree = "<group>"; };
		87FE2B531E404090009EF062 /* Assets.xcassets */ = {isa = PBXFileReference; lastKnownFileType = folder.assetcatalog; path = Assets.xcassets; sourceTree = "<group>"; };
		87FE2B561E404090009EF062 /* Base */ = {isa = PBXFileReference; lastKnownFileType = file.storyboard; name = Base; path = Base.lproj/LaunchScreen.storyboard; sourceTree = "<group>"; };
		87FE2B581E404090009EF062 /* Info.plist */ = {isa = PBXFileReference; lastKnownFileType = text.plist.xml; path = Info.plist; sourceTree = "<group>"; };
		87FE2B5E1E4044A0009EF062 /* adinium.jpg */ = {isa = PBXFileReference; lastKnownFileType = image.jpeg; path = adinium.jpg; sourceTree = "<group>"; };
/* End PBXFileReference section */

/* Begin PBXFrameworksBuildPhase section */
		87FE2B461E404090009EF062 /* Frameworks */ = {
			isa = PBXFrameworksBuildPhase;
			buildActionMask = 2147483647;
			files = (
			);
			runOnlyForDeploymentPostprocessing = 0;
		};
/* End PBXFrameworksBuildPhase section */

/* Begin PBXGroup section */
		87FE2B401E404090009EF062 = {
			isa = PBXGroup;
			children = (
				87FE2B4B1E404090009EF062 /* tableViewPractice */,
				87FE2B4A1E404090009EF062 /* Products */,
			);
			sourceTree = "<group>";
		};
		87FE2B4A1E404090009EF062 /* Products */ = {
			isa = PBXGroup;
			children = (
				87FE2B491E404090009EF062 /* tableViewPractice.app */,
			);
			name = Products;
			sourceTree = "<group>";
		};
		87FE2B4B1E404090009EF062 /* tableViewPractice */ = {
			isa = PBXGroup;
			children = (
				87FE2B4C1E404090009EF062 /* AppDelegate.swift */,
				87E9914D1E4060130053334D /* FirstTableTableViewController.swift */,
				87E991511E4072D90053334D /* CarsTableViewController.swift */,
				87FE2B501E404090009EF062 /* Main.storyboard */,
				87FE2B531E404090009EF062 /* Assets.xcassets */,
				87FE2B5E1E4044A0009EF062 /* adinium.jpg */,
				87FE2B551E404090009EF062 /* LaunchScreen.storyboard */,
				87FE2B581E404090009EF062 /* Info.plist */,
			);
			path = tableViewPractice;
			sourceTree = "<group>";
		};
/* End PBXGroup section */

/* Begin PBXNativeTarget section */
		87FE2B481E404090009EF062 /* tableViewPractice */ = {
			isa = PBXNativeTarget;
			buildConfigurationList = 87FE2B5B1E404090009EF062 /* Build configuration list for PBXNativeTarget "tableViewPractice" */;
			buildPhases = (
				87FE2B451E404090009EF062 /* Sources */,
				87FE2B461E404090009EF062 /* Frameworks */,
				87FE2B471E404090009EF062 /* Resources */,
			);
			buildRules = (
			);
			dependencies = (
			);
			name = tableViewPractice;
			productName = tableViewPractice;
			productReference = 87FE2B491E404090009EF062 /* tableViewPractice.app */;
			productType = "com.apple.product-type.application";
		};
/* End PBXNativeTarget section */

/* Begin PBXProject section */
		87FE2B411E404090009EF062 /* Project object */ = {
			isa = PBXProject;
			attributes = {
				LastSwiftUpdateCheck = 0820;
				LastUpgradeCheck = 0820;
				ORGANIZATIONNAME = CodeKul;
				TargetAttributes = {
					87FE2B481E404090009EF062 = {
						CreatedOnToolsVersion = 8.2.1;
						ProvisioningStyle = Automatic;
					};
				};
			};
			buildConfigurationList = 87FE2B441E404090009EF062 /* Build configuration list for PBXProject "tableViewPractice" */;
			compatibilityVersion = "Xcode 3.2";
			developmentRegion = English;
			hasScannedForEncodings = 0;
			knownRegions = (
				en,
				Base,
			);
			mainGroup = 87FE2B401E404090009EF062;
			productRefGroup = 87FE2B4A1E404090009EF062 /* Products */;
			projectDirPath = "";
			projectRoot = "";
			targets = (
				87FE2B481E404090009EF062 /* tableViewPractice */,
			);
		};
/* End PBXProject section */

/* Begin PBXResourcesBuildPhase section */
		87FE2B471E404090009EF062 /* Resources */ = {
			isa = PBXResourcesBuildPhase;
			buildActionMask = 2147483647;
			files = (
				87FE2B571E404090009EF062 /* LaunchScreen.storyboard in Resources */,
				87FE2B5F1E4044A0009EF062 /* adinium.jpg in Resources */,
				87FE2B541E404090009EF062 /* Assets.xcassets in Resources */,
				87FE2B521E404090009EF062 /* Main.storyboard in Resources */,
			);
			runOnlyForDeploymentPostprocessing = 0;
		};
/* End PBXResourcesBuildPhase section */

/* Begin PBXSourcesBuildPhase section */
		87FE2B451E404090009EF062 /* Sources */ = {
			isa = PBXSourcesBuildPhase;
			buildActionMask = 2147483647;
			files = (
				87FE2B4D1E404090009EF062 /* AppDelegate.swift in Sources */,
				87E991521E4072D90053334D /* CarsTableViewController.swift in Sources */,
				87E9914E1E4060130053334D /* FirstTableTableViewController.swift in Sources */,
			);
			runOnlyForDeploymentPostprocessing = 0;
		};
/* End PBXSourcesBuildPhase section */

/* Begin PBXVariantGroup section */
		87FE2B501E404090009EF062 /* Main.storyboard */ = {
			isa = PBXVariantGroup;
			children = (
				87FE2B511E404090009EF062 /* Base */,
			);
			name = Main.storyboard;
			sourceTree = "<group>";
		};
		87FE2B551E404090009EF062 /* LaunchScreen.storyboard */ = {
			isa = PBXVariantGroup;
			children = (
				87FE2B561E404090009EF062 /* Base */,
			);
			name = LaunchScreen.storyboard;
			sourceTree = "<group>";
		};
/* End PBXVariantGroup section */

/* Begin XCBuildConfiguration section */
		87FE2B591E404090009EF062 /* Debug */ = {
			isa = XCBuildConfiguration;
			buildSettings = {
				ALWAYS_SEARCH_USER_PATHS = NO;
				CLANG_ANALYZER_NONNULL = YES;
				CLANG_CXX_LANGUAGE_STANDARD = "gnu++0x";
				CLANG_CXX_LIBRARY = "libc++";
				CLANG_ENABLE_MODULES = YES;
				CLANG_ENABLE_OBJC_ARC = YES;
				CLANG_WARN_BOOL_CONVERSION = YES;
				CLANG_WARN_CONSTANT_CONVERSION = YES;
				CLANG_WARN_DIRECT_OBJC_ISA_USAGE = YES_ERROR;
				CLANG_WARN_DOCUMENTATION_COMMENTS = YES;
				CLANG_WARN_EMPTY_BODY = YES;
				CLANG_WARN_ENUM_CONVERSION = YES;
				CLANG_WARN_INFINITE_RECURSION = YES;
				CLANG_WARN_INT_CONVERSION = YES;
				CLANG_WARN_OBJC_ROOT_CLASS = YES_ERROR;
				CLANG_WARN_SUSPICIOUS_MOVE = YES;
				CLANG_WARN_UNREACHABLE_CODE = YES;
				CLANG_WARN__DUPLICATE_METHOD_MATCH = YES;
				"CODE_SIGN_IDENTITY[sdk=iphoneos*]" = "iPhone Developer";
				COPY_PHASE_STRIP = NO;
				DEBUG_INFORMATION_FORMAT = dwarf;
				ENABLE_STRICT_OBJC_MSGSEND = YES;
				ENABLE_TESTABILITY = YES;
				GCC_C_LANGUAGE_STANDARD = gnu99;
				GCC_DYNAMIC_NO_PIC = NO;
				GCC_NO_COMMON_BLOCKS = YES;
				GCC_OPTIMIZATION_LEVEL = 0;
				GCC_PREPROCESSOR_DEFINITIONS = (
					"DEBUG=1",
					"$(inherited)",
				);
				GCC_WARN_64_TO_32_BIT_CONVERSION = YES;
				GCC_WARN_ABOUT_RETURN_TYPE = YES_ERROR;
				GCC_WARN_UNDECLARED_SELECTOR = YES;
				GCC_WARN_UNINITIALIZED_AUTOS = YES_AGGRESSIVE;
				GCC_WARN_UNUSED_FUNCTION = YES;
				GCC_WARN_UNUSED_VARIABLE = YES;
				IPHONEOS_DEPLOYMENT_TARGET = 10.2;
				MTL_ENABLE_DEBUG_INFO = YES;
				ONLY_ACTIVE_ARCH = YES;
				SDKROOT = iphoneos;
				SWIFT_ACTIVE_COMPILATION_CONDITIONS = DEBUG;
				SWIFT_OPTIMIZATION_LEVEL = "-Onone";
			};
			name = Debug;
		};
		87FE2B5A1E404090009EF062 /* Release */ = {
			isa = XCBuildConfiguration;
			buildSettings = {
				ALWAYS_SEARCH_USER_PATHS = NO;
				CLANG_ANALYZER_NONNULL = YES;
				CLANG_CXX_LANGUAGE_STANDARD = "gnu++0x";
				CLANG_CXX_LIBRARY = "libc++";
				CLANG_ENABLE_MODULES = YES;
				CLANG_ENABLE_OBJC_ARC = YES;
				CLANG_WARN_BOOL_CONVERSION = YES;
				CLANG_WARN_CONSTANT_CONVERSION = YES;
				CLANG_WARN_DIRECT_OBJC_ISA_USAGE = YES_ERROR;
				CLANG_WARN_DOCUMENTATION_COMMENTS = YES;
				CLANG_WARN_EMPTY_BODY = YES;
				CLANG_WARN_ENUM_CONVERSION = YES;
				CLANG_WARN_INFINITE_RECURSION = YES;
				CLANG_WARN_INT_CONVERSION = YES;
				CLANG_WARN_OBJC_ROOT_CLASS = YES_ERROR;
				CLANG_WARN_SUSPICIOUS_MOVE = YES;
				CLANG_WARN_UNREACHABLE_CODE = YES;
				CLANG_WARN__DUPLICATE_METHOD_MATCH = YES;
				"CODE_SIGN_IDENTITY[sdk=iphoneos*]" = "iPhone Developer";
				COPY_PHASE_STRIP = NO;
				DEBUG_INFORMATION_FORMAT = "dwarf-with-dsym";
				ENABLE_NS_ASSERTIONS = NO;
				ENABLE_STRICT_OBJC_MSGSEND = YES;
				GCC_C_LANGUAGE_STANDARD = gnu99;
				GCC_NO_COMMON_BLOCKS = YES;
				GCC_WARN_64_TO_32_BIT_CONVERSION = YES;
				GCC_WARN_ABOUT_RETURN_TYPE = YES_ERROR;
				GCC_WARN_UNDECLARED_SELECTOR = YES;
				GCC_WARN_UNINITIALIZED_AUTOS = YES_AGGRESSIVE;
				GCC_WARN_UNUSED_FUNCTION = YES;
				GCC_WARN_UNUSED_VARIABLE = YES;
				IPHONEOS_DEPLOYMENT_TARGET = 10.2;
				MTL_ENABLE_DEBUG_INFO = NO;
				SDKROOT = iphoneos;
				SWIFT_OPTIMIZATION_LEVEL = "-Owholemodule";
				VALIDATE_PRODUCT = YES;
			};
			name = Release;
		};
		87FE2B5C1E404090009EF062 /* Debug */ = {
			isa = XCBuildConfiguration;
			buildSettings = {
				ASSETCATALOG_COMPILER_APPICON_NAME = AppIcon;
				INFOPLIST_FILE = tableViewPractice/Info.plist;
				LD_RUNPATH_SEARCH_PATHS = "$(inherited) @executable_path/Frameworks";
				PRODUCT_BUNDLE_IDENTIFIER = com.codekul.tableViewPractice;
				PRODUCT_NAME = "$(TARGET_NAME)";
				SWIFT_VERSION = 3.0;
			};
			name = Debug;
		};
		87FE2B5D1E404090009EF062 /* Release */ = {
			isa = XCBuildConfiguration;
			buildSettings = {
				ASSETCATALOG_COMPILER_APPICON_NAME = AppIcon;
				INFOPLIST_FILE = tableViewPractice/Info.plist;
				LD_RUNPATH_SEARCH_PATHS = "$(inherited) @executable_path/Frameworks";
				PRODUCT_BUNDLE_IDENTIFIER = com.codekul.tableViewPractice;
				PRODUCT_NAME = "$(TARGET_NAME)";
				SWIFT_VERSION = 3.0;
			};
			name = Release;
		};
/* End XCBuildConfiguration section */

/* Begin XCConfigurationList section */
		87FE2B441E404090009EF062 /* Build configuration list for PBXProject "tableViewPractice" */ = {
			isa = XCConfigurationList;
			buildConfigurations = (
				87FE2B591E404090009EF062 /* Debug */,
				87FE2B5A1E404090009EF062 /* Release */,
			);
			defaultConfigurationIsVisible = 0;
			defaultConfigurationName = Release;
		};
		87FE2B5B1E404090009EF062 /* Build configuration list for PBXNativeTarget "tableViewPractice" */ = {
			isa = XCConfigurationList;
			buildConfigurations = (
				87FE2B5C1E404090009EF062 /* Debug */,
				87FE2B5D1E404090009EF062 /* Release */,
			);
			defaultConfigurationIsVisible = 0;
			defaultConfigurationName = Release;
		};
/* End XCConfigurationList section */
	};
	rootObject = 87FE2B411E404090009EF062 /* Project object */;
}
