// !$*UTF8*$!
{
	archiveVersion = 1;
	classes = {
	};
	objectVersion = 46;
	objects = {

/* Begin PBXBuildFile section */
		8BF0FA161E24A0B200224A2E /* AppDelegate.swift in Sources */ = {isa = PBXBuildFile; fileRef = 8BF0FA151E24A0B200224A2E /* AppDelegate.swift */; };
		8BF0FA181E24A0B200224A2E /* ViewController.swift in Sources */ = {isa = PBXBuildFile; fileRef = 8BF0FA171E24A0B200224A2E /* ViewController.swift */; };
		8BF0FA1B1E24A0B200224A2E /* Main.storyboard in Resources */ = {isa = PBXBuildFile; fileRef = 8BF0FA191E24A0B200224A2E /* Main.storyboard */; };
		8BF0FA1D1E24A0B200224A2E /* Assets.xcassets in Resources */ = {isa = PBXBuildFile; fileRef = 8BF0FA1C1E24A0B200224A2E /* Assets.xcassets */; };
		8BF0FA201E24A0B200224A2E /* LaunchScreen.storyboard in Resources */ = {isa = PBXBuildFile; fileRef = 8BF0FA1E1E24A0B200224A2E /* LaunchScreen.storyboard */; };
/* End PBXBuildFile section */

/* Begin PBXFileReference section */
		8BF0FA121E24A0B200224A2E /* FirstAssig28_dec.app */ = {isa = PBXFileReference; explicitFileType = wrapper.application; includeInIndex = 0; path = FirstAssig28_dec.app; sourceTree = BUILT_PRODUCTS_DIR; };
		8BF0FA151E24A0B200224A2E /* AppDelegate.swift */ = {isa = PBXFileReference; lastKnownFileType = sourcecode.swift; path = AppDelegate.swift; sourceTree = "<group>"; };
		8BF0FA171E24A0B200224A2E /* ViewController.swift */ = {isa = PBXFileReference; lastKnownFileType = sourcecode.swift; path = ViewController.swift; sourceTree = "<group>"; };
		8BF0FA1A1E24A0B200224A2E /* Base */ = {isa = PBXFileReference; lastKnownFileType = file.storyboard; name = Base; path = Base.lproj/Main.storyboard; sourceTree = "<group>"; };
		8BF0FA1C1E24A0B200224A2E /* Assets.xcassets */ = {isa = PBXFileReference; lastKnownFileType = folder.assetcatalog; path = Assets.xcassets; sourceTree = "<group>"; };
		8BF0FA1F1E24A0B200224A2E /* Base */ = {isa = PBXFileReference; lastKnownFileType = file.storyboard; name = Base; path = Base.lproj/LaunchScreen.storyboard; sourceTree = "<group>"; };
		8BF0FA211E24A0B200224A2E /* Info.plist */ = {isa = PBXFileReference; lastKnownFileType = text.plist.xml; path = Info.plist; sourceTree = "<group>"; };
/* End PBXFileReference section */

/* Begin PBXFrameworksBuildPhase section */
		8BF0FA0F1E24A0B200224A2E /* Frameworks */ = {
			isa = PBXFrameworksBuildPhase;
			buildActionMask = 2147483647;
			files = (
			);
			runOnlyForDeploymentPostprocessing = 0;
		};
/* End PBXFrameworksBuildPhase section */

/* Begin PBXGroup section */
		8BF0FA091E24A0B200224A2E = {
			isa = PBXGroup;
			children = (
				8BF0FA141E24A0B200224A2E /* FirstAssig28_dec */,
				8BF0FA131E24A0B200224A2E /* Products */,
			);
			sourceTree = "<group>";
		};
		8BF0FA131E24A0B200224A2E /* Products */ = {
			isa = PBXGroup;
			children = (
				8BF0FA121E24A0B200224A2E /* FirstAssig28_dec.app */,
			);
			name = Products;
			sourceTree = "<group>";
		};
		8BF0FA141E24A0B200224A2E /* FirstAssig28_dec */ = {
			isa = PBXGroup;
			children = (
				8BF0FA151E24A0B200224A2E /* AppDelegate.swift */,
				8BF0FA171E24A0B200224A2E /* ViewController.swift */,
				8BF0FA191E24A0B200224A2E /* Main.storyboard */,
				8BF0FA1C1E24A0B200224A2E /* Assets.xcassets */,
				8BF0FA1E1E24A0B200224A2E /* LaunchScreen.storyboard */,
				8BF0FA211E24A0B200224A2E /* Info.plist */,
			);
			path = FirstAssig28_dec;
			sourceTree = "<group>";
		};
/* End PBXGroup section */

/* Begin PBXNativeTarget section */
		8BF0FA111E24A0B200224A2E /* FirstAssig28_dec */ = {
			isa = PBXNativeTarget;
			buildConfigurationList = 8BF0FA241E24A0B200224A2E /* Build configuration list for PBXNativeTarget "FirstAssig28_dec" */;
			buildPhases = (
				8BF0FA0E1E24A0B200224A2E /* Sources */,
				8BF0FA0F1E24A0B200224A2E /* Frameworks */,
				8BF0FA101E24A0B200224A2E /* Resources */,
			);
			buildRules = (
			);
			dependencies = (
			);
			name = FirstAssig28_dec;
			productName = FirstAssig28_dec;
			productReference = 8BF0FA121E24A0B200224A2E /* FirstAssig28_dec.app */;
			productType = "com.apple.product-type.application";
		};
/* End PBXNativeTarget section */

/* Begin PBXProject section */
		8BF0FA0A1E24A0B200224A2E /* Project object */ = {
			isa = PBXProject;
			attributes = {
				LastSwiftUpdateCheck = 0810;
				LastUpgradeCheck = 0810;
				ORGANIZATIONNAME = Codekul;
				TargetAttributes = {
					8BF0FA111E24A0B200224A2E = {
						CreatedOnToolsVersion = 8.1;
						ProvisioningStyle = Automatic;
					};
				};
			};
			buildConfigurationList = 8BF0FA0D1E24A0B200224A2E /* Build configuration list for PBXProject "FirstAssig28_dec" */;
			compatibilityVersion = "Xcode 3.2";
			developmentRegion = English;
			hasScannedForEncodings = 0;
			knownRegions = (
				en,
				Base,
			);
			mainGroup = 8BF0FA091E24A0B200224A2E;
			productRefGroup = 8BF0FA131E24A0B200224A2E /* Products */;
			projectDirPath = "";
			projectRoot = "";
			targets = (
				8BF0FA111E24A0B200224A2E /* FirstAssig28_dec */,
			);
		};
/* End PBXProject section */

/* Begin PBXResourcesBuildPhase section */
		8BF0FA101E24A0B200224A2E /* Resources */ = {
			isa = PBXResourcesBuildPhase;
			buildActionMask = 2147483647;
			files = (
				8BF0FA201E24A0B200224A2E /* LaunchScreen.storyboard in Resources */,
				8BF0FA1D1E24A0B200224A2E /* Assets.xcassets in Resources */,
				8BF0FA1B1E24A0B200224A2E /* Main.storyboard in Resources */,
			);
			runOnlyForDeploymentPostprocessing = 0;
		};
/* End PBXResourcesBuildPhase section */

/* Begin PBXSourcesBuildPhase section */
		8BF0FA0E1E24A0B200224A2E /* Sources */ = {
			isa = PBXSourcesBuildPhase;
			buildActionMask = 2147483647;
			files = (
				8BF0FA181E24A0B200224A2E /* ViewController.swift in Sources */,
				8BF0FA161E24A0B200224A2E /* AppDelegate.swift in Sources */,
			);
			runOnlyForDeploymentPostprocessing = 0;
		};
/* End PBXSourcesBuildPhase section */

/* Begin PBXVariantGroup section */
		8BF0FA191E24A0B200224A2E /* Main.storyboard */ = {
			isa = PBXVariantGroup;
			children = (
				8BF0FA1A1E24A0B200224A2E /* Base */,
			);
			name = Main.storyboard;
			sourceTree = "<group>";
		};
		8BF0FA1E1E24A0B200224A2E /* LaunchScreen.storyboard */ = {
			isa = PBXVariantGroup;
			children = (
				8BF0FA1F1E24A0B200224A2E /* Base */,
			);
			name = LaunchScreen.storyboard;
			sourceTree = "<group>";
		};
/* End PBXVariantGroup section */

/* Begin XCBuildConfiguration section */
		8BF0FA221E24A0B200224A2E /* Debug */ = {
			isa = XCBuildConfiguration;
			buildSettings = {
				ALWAYS_SEARCH_USER_PATHS = NO;
				CLANG_ANALYZER_NONNULL = YES;
				CLANG_CXX_LANGUAGE_STANDARD = "gnu++0x";
				CLANG_CXX_LIBRARY = "libc++";
				CLANG_ENABLE_MODULES = YES;
				CLANG_ENABLE_OBJC_ARC = YES;
				CLANG_WARN_BOOL_CONVERSION = YES;
				CLANG_WARN_CONSTANT_CONVERSION = YES;
				CLANG_WARN_DIRECT_OBJC_ISA_USAGE = YES_ERROR;
				CLANG_WARN_DOCUMENTATION_COMMENTS = YES;
				CLANG_WARN_EMPTY_BODY = YES;
				CLANG_WARN_ENUM_CONVERSION = YES;
				CLANG_WARN_INFINITE_RECURSION = YES;
				CLANG_WARN_INT_CONVERSION = YES;
				CLANG_WARN_OBJC_ROOT_CLASS = YES_ERROR;
				CLANG_WARN_SUSPICIOUS_MOVES = YES;
				CLANG_WARN_UNREACHABLE_CODE = YES;
				CLANG_WARN__DUPLICATE_METHOD_MATCH = YES;
				"CODE_SIGN_IDENTITY[sdk=iphoneos*]" = "iPhone Developer";
				COPY_PHASE_STRIP = NO;
				DEBUG_INFORMATION_FORMAT = dwarf;
				ENABLE_STRICT_OBJC_MSGSEND = YES;
				ENABLE_TESTABILITY = YES;
				GCC_C_LANGUAGE_STANDARD = gnu99;
				GCC_DYNAMIC_NO_PIC = NO;
				GCC_NO_COMMON_BLOCKS = YES;
				GCC_OPTIMIZATION_LEVEL = 0;
				GCC_PREPROCESSOR_DEFINITIONS = (
					"DEBUG=1",
					"$(inherited)",
				);
				GCC_WARN_64_TO_32_BIT_CONVERSION = YES;
				GCC_WARN_ABOUT_RETURN_TYPE = YES_ERROR;
				GCC_WARN_UNDECLARED_SELECTOR = YES;
				GCC_WARN_UNINITIALIZED_AUTOS = YES_AGGRESSIVE;
				GCC_WARN_UNUSED_FUNCTION = YES;
				GCC_WARN_UNUSED_VARIABLE = YES;
				IPHONEOS_DEPLOYMENT_TARGET = 10.1;
				MTL_ENABLE_DEBUG_INFO = YES;
				ONLY_ACTIVE_ARCH = YES;
				SDKROOT = iphoneos;
				SWIFT_ACTIVE_COMPILATION_CONDITIONS = DEBUG;
				SWIFT_OPTIMIZATION_LEVEL = "-Onone";
			};
			name = Debug;
		};
		8BF0FA231E24A0B200224A2E /* Release */ = {
			isa = XCBuildConfiguration;
			buildSettings = {
				ALWAYS_SEARCH_USER_PATHS = NO;
				CLANG_ANALYZER_NONNULL = YES;
				CLANG_CXX_LANGUAGE_STANDARD = "gnu++0x";
				CLANG_CXX_LIBRARY = "libc++";
				CLANG_ENABLE_MODULES = YES;
				CLANG_ENABLE_OBJC_ARC = YES;
				CLANG_WARN_BOOL_CONVERSION = YES;
				CLANG_WARN_CONSTANT_CONVERSION = YES;
				CLANG_WARN_DIRECT_OBJC_ISA_USAGE = YES_ERROR;
				CLANG_WARN_DOCUMENTATION_COMMENTS = YES;
				CLANG_WARN_EMPTY_BODY = YES;
				CLANG_WARN_ENUM_CONVERSION = YES;
				CLANG_WARN_INFINITE_RECURSION = YES;
				CLANG_WARN_INT_CONVERSION = YES;
				CLANG_WARN_OBJC_ROOT_CLASS = YES_ERROR;
				CLANG_WARN_SUSPICIOUS_MOVES = YES;
				CLANG_WARN_UNREACHABLE_CODE = YES;
				CLANG_WARN__DUPLICATE_METHOD_MATCH = YES;
				"CODE_SIGN_IDENTITY[sdk=iphoneos*]" = "iPhone Developer";
				COPY_PHASE_STRIP = NO;
				DEBUG_INFORMATION_FORMAT = "dwarf-with-dsym";
				ENABLE_NS_ASSERTIONS = NO;
				ENABLE_STRICT_OBJC_MSGSEND = YES;
				GCC_C_LANGUAGE_STANDARD = gnu99;
				GCC_NO_COMMON_BLOCKS = YES;
				GCC_WARN_64_TO_32_BIT_CONVERSION = YES;
				GCC_WARN_ABOUT_RETURN_TYPE = YES_ERROR;
				GCC_WARN_UNDECLARED_SELECTOR = YES;
				GCC_WARN_UNINITIALIZED_AUTOS = YES_AGGRESSIVE;
				GCC_WARN_UNUSED_FUNCTION = YES;
				GCC_WARN_UNUSED_VARIABLE = YES;
				IPHONEOS_DEPLOYMENT_TARGET = 10.1;
				MTL_ENABLE_DEBUG_INFO = NO;
				SDKROOT = iphoneos;
				SWIFT_OPTIMIZATION_LEVEL = "-Owholemodule";
				VALIDATE_PRODUCT = YES;
			};
			name = Release;
		};
		8BF0FA251E24A0B200224A2E /* Debug */ = {
			isa = XCBuildConfiguration;
			buildSettings = {
				ASSETCATALOG_COMPILER_APPICON_NAME = AppIcon;
				INFOPLIST_FILE = FirstAssig28_dec/Info.plist;
				LD_RUNPATH_SEARCH_PATHS = "$(inherited) @executable_path/Frameworks";
				PRODUCT_BUNDLE_IDENTIFIER = "com.codekul.FirstAssig28-dec";
				PRODUCT_NAME = "$(TARGET_NAME)";
				SWIFT_VERSION = 3.0;
			};
			name = Debug;
		};
		8BF0FA261E24A0B200224A2E /* Release */ = {
			isa = XCBuildConfiguration;
			buildSettings = {
				ASSETCATALOG_COMPILER_APPICON_NAME = AppIcon;
				INFOPLIST_FILE = FirstAssig28_dec/Info.plist;
				LD_RUNPATH_SEARCH_PATHS = "$(inherited) @executable_path/Frameworks";
				PRODUCT_BUNDLE_IDENTIFIER = "com.codekul.FirstAssig28-dec";
				PRODUCT_NAME = "$(TARGET_NAME)";
				SWIFT_VERSION = 3.0;
			};
			name = Release;
		};
/* End XCBuildConfiguration section */

/* Begin XCConfigurationList section */
		8BF0FA0D1E24A0B200224A2E /* Build configuration list for PBXProject "FirstAssig28_dec" */ = {
			isa = XCConfigurationList;
			buildConfigurations = (
				8BF0FA221E24A0B200224A2E /* Debug */,
				8BF0FA231E24A0B200224A2E /* Release */,
			);
			defaultConfigurationIsVisible = 0;
			defaultConfigurationName = Release;
		};
		8BF0FA241E24A0B200224A2E /* Build configuration list for PBXNativeTarget "FirstAssig28_dec" */ = {
			isa = XCConfigurationList;
			buildConfigurations = (
				8BF0FA251E24A0B200224A2E /* Debug */,
				8BF0FA261E24A0B200224A2E /* Release */,
			);
			defaultConfigurationIsVisible = 0;
		};
/* End XCConfigurationList section */
	};
	rootObject = 8BF0FA0A1E24A0B200224A2E /* Project object */;
}
